// !$*UTF8*$!
{
	archiveVersion = 1;
	classes = {
	};
	objectVersion = 46;
	objects = {

/* Begin PBXBuildFile section */
		DF1F1F821BF33E0E00BA019D /* main.m in Sources */ = {isa = PBXBuildFile; fileRef = DF1F1F811BF33E0E00BA019D /* main.m */; };
		DF1F1F851BF33E0E00BA019D /* AppDelegate.m in Sources */ = {isa = PBXBuildFile; fileRef = DF1F1F841BF33E0E00BA019D /* AppDelegate.m */; };
		DF1F1F881BF33E0E00BA019D /* ViewController.m in Sources */ = {isa = PBXBuildFile; fileRef = DF1F1F871BF33E0E00BA019D /* ViewController.m */; };
		DF1F1F8B1BF33E0E00BA019D /* Main.storyboard in Resources */ = {isa = PBXBuildFile; fileRef = DF1F1F891BF33E0E00BA019D /* Main.storyboard */; };
		DF1F1F8D1BF33E0E00BA019D /* Assets.xcassets in Resources */ = {isa = PBXBuildFile; fileRef = DF1F1F8C1BF33E0E00BA019D /* Assets.xcassets */; };
		DF1F1F901BF33E0E00BA019D /* LaunchScreen.storyboard in Resources */ = {isa = PBXBuildFile; fileRef = DF1F1F8E1BF33E0E00BA019D /* LaunchScreen.storyboard */; };
		DF1F1F9B1BF33E0E00BA019D /* IMNetworkingTests.m in Sources */ = {isa = PBXBuildFile; fileRef = DF1F1F9A1BF33E0E00BA019D /* IMNetworkingTests.m */; };
		DF1F1FA61BF33E0E00BA019D /* IMNetworkingUITests.m in Sources */ = {isa = PBXBuildFile; fileRef = DF1F1FA51BF33E0E00BA019D /* IMNetworkingUITests.m */; };
		DF1F20371BF33E5B00BA019D /* Service_Config.xml in Resources */ = {isa = PBXBuildFile; fileRef = DF1F20091BF33E5B00BA019D /* Service_Config.xml */; };
		DF1F203B1BF33E5B00BA019D /* LoginApi.m in Sources */ = {isa = PBXBuildFile; fileRef = DF1F20111BF33E5B00BA019D /* LoginApi.m */; };
		DFABC5CF1C2CD64000F110A7 /* AFHTTPRequestOperation.m in Sources */ = {isa = PBXBuildFile; fileRef = DFABC5801C2CD64000F110A7 /* AFHTTPRequestOperation.m */; };
		DFABC5D01C2CD64000F110A7 /* AFHTTPRequestOperationManager.m in Sources */ = {isa = PBXBuildFile; fileRef = DFABC5821C2CD64000F110A7 /* AFHTTPRequestOperationManager.m */; };
		DFABC5D11C2CD64000F110A7 /* AFHTTPSessionManager.m in Sources */ = {isa = PBXBuildFile; fileRef = DFABC5841C2CD64000F110A7 /* AFHTTPSessionManager.m */; };
		DFABC5D21C2CD64000F110A7 /* AFNetworkReachabilityManager.m in Sources */ = {isa = PBXBuildFile; fileRef = DFABC5871C2CD64000F110A7 /* AFNetworkReachabilityManager.m */; };
		DFABC5D31C2CD64000F110A7 /* AFSecurityPolicy.m in Sources */ = {isa = PBXBuildFile; fileRef = DFABC5891C2CD64000F110A7 /* AFSecurityPolicy.m */; };
		DFABC5D41C2CD64000F110A7 /* AFURLConnectionOperation.m in Sources */ = {isa = PBXBuildFile; fileRef = DFABC58B1C2CD64000F110A7 /* AFURLConnectionOperation.m */; };
		DFABC5D51C2CD64000F110A7 /* AFURLRequestSerialization.m in Sources */ = {isa = PBXBuildFile; fileRef = DFABC58D1C2CD64000F110A7 /* AFURLRequestSerialization.m */; };
		DFABC5D61C2CD64000F110A7 /* AFURLResponseSerialization.m in Sources */ = {isa = PBXBuildFile; fileRef = DFABC58F1C2CD64000F110A7 /* AFURLResponseSerialization.m */; };
		DFABC5D71C2CD64000F110A7 /* AFURLSessionManager.m in Sources */ = {isa = PBXBuildFile; fileRef = DFABC5911C2CD64000F110A7 /* AFURLSessionManager.m */; };
		DFABC5D81C2CD64000F110A7 /* AFNetworkActivityIndicatorManager.m in Sources */ = {isa = PBXBuildFile; fileRef = DFABC5941C2CD64000F110A7 /* AFNetworkActivityIndicatorManager.m */; };
		DFABC5D91C2CD64000F110A7 /* UIActivityIndicatorView+AFNetworking.m in Sources */ = {isa = PBXBuildFile; fileRef = DFABC5961C2CD64000F110A7 /* UIActivityIndicatorView+AFNetworking.m */; };
		DFABC5DA1C2CD64000F110A7 /* UIAlertView+AFNetworking.m in Sources */ = {isa = PBXBuildFile; fileRef = DFABC5981C2CD64000F110A7 /* UIAlertView+AFNetworking.m */; };
		DFABC5DB1C2CD64000F110A7 /* UIButton+AFNetworking.m in Sources */ = {isa = PBXBuildFile; fileRef = DFABC59A1C2CD64000F110A7 /* UIButton+AFNetworking.m */; };
		DFABC5DC1C2CD64000F110A7 /* UIImageView+AFNetworking.m in Sources */ = {isa = PBXBuildFile; fileRef = DFABC59C1C2CD64000F110A7 /* UIImageView+AFNetworking.m */; };
		DFABC5DD1C2CD64000F110A7 /* UIProgressView+AFNetworking.m in Sources */ = {isa = PBXBuildFile; fileRef = DFABC59F1C2CD64000F110A7 /* UIProgressView+AFNetworking.m */; };
		DFABC5DE1C2CD64000F110A7 /* UIRefreshControl+AFNetworking.m in Sources */ = {isa = PBXBuildFile; fileRef = DFABC5A11C2CD64000F110A7 /* UIRefreshControl+AFNetworking.m */; };
		DFABC5DF1C2CD64000F110A7 /* UIWebView+AFNetworking.m in Sources */ = {isa = PBXBuildFile; fileRef = DFABC5A31C2CD64000F110A7 /* UIWebView+AFNetworking.m */; };
		DFABC5E21C2CD64000F110A7 /* MJDictionaryCache.m in Sources */ = {isa = PBXBuildFile; fileRef = DFABC5AB1C2CD64000F110A7 /* MJDictionaryCache.m */; };
		DFABC5E31C2CD64000F110A7 /* MJExtensionConst.m in Sources */ = {isa = PBXBuildFile; fileRef = DFABC5AE1C2CD64000F110A7 /* MJExtensionConst.m */; };
		DFABC5E41C2CD64000F110A7 /* MJFoundation.m in Sources */ = {isa = PBXBuildFile; fileRef = DFABC5B01C2CD64000F110A7 /* MJFoundation.m */; };
		DFABC5E51C2CD64000F110A7 /* MJProperty.m in Sources */ = {isa = PBXBuildFile; fileRef = DFABC5B21C2CD64000F110A7 /* MJProperty.m */; };
		DFABC5E61C2CD64000F110A7 /* MJPropertyKey.m in Sources */ = {isa = PBXBuildFile; fileRef = DFABC5B41C2CD64000F110A7 /* MJPropertyKey.m */; };
		DFABC5E71C2CD64000F110A7 /* MJPropertyType.m in Sources */ = {isa = PBXBuildFile; fileRef = DFABC5B61C2CD64000F110A7 /* MJPropertyType.m */; };
		DFABC5E81C2CD64000F110A7 /* NSObject+MJClass.m in Sources */ = {isa = PBXBuildFile; fileRef = DFABC5B81C2CD64000F110A7 /* NSObject+MJClass.m */; };
		DFABC5E91C2CD64000F110A7 /* NSObject+MJCoding.m in Sources */ = {isa = PBXBuildFile; fileRef = DFABC5BA1C2CD64000F110A7 /* NSObject+MJCoding.m */; };
		DFABC5EA1C2CD64000F110A7 /* NSObject+MJKeyValue.m in Sources */ = {isa = PBXBuildFile; fileRef = DFABC5BC1C2CD64000F110A7 /* NSObject+MJKeyValue.m */; };
		DFABC5EB1C2CD64000F110A7 /* NSObject+MJProperty.m in Sources */ = {isa = PBXBuildFile; fileRef = DFABC5BE1C2CD64000F110A7 /* NSObject+MJProperty.m */; };
		DFABC5EC1C2CD64000F110A7 /* NSString+MJExtension.m in Sources */ = {isa = PBXBuildFile; fileRef = DFABC5C01C2CD64000F110A7 /* NSString+MJExtension.m */; };
		DFABC5ED1C2CD64000F110A7 /* RXMLElement.m in Sources */ = {isa = PBXBuildFile; fileRef = DFABC5C41C2CD64000F110A7 /* RXMLElement.m */; };
		DFABC5EE1C2CD64000F110A7 /* LMSNetworking.m in Sources */ = {isa = PBXBuildFile; fileRef = DFABC5C61C2CD64000F110A7 /* LMSNetworking.m */; };
		DFABC5EF1C2CD64000F110A7 /* LMSRequest.m in Sources */ = {isa = PBXBuildFile; fileRef = DFABC5C81C2CD64000F110A7 /* LMSRequest.m */; };
		DFABC5F01C2CD64000F110A7 /* LMSServiceError.m in Sources */ = {isa = PBXBuildFile; fileRef = DFABC5CA1C2CD64000F110A7 /* LMSServiceError.m */; };
		DFABC5F11C2CD64000F110A7 /* LMSServiceModel.m in Sources */ = {isa = PBXBuildFile; fileRef = DFABC5CC1C2CD64000F110A7 /* LMSServiceModel.m */; };
		DFABC5F21C2CD64000F110A7 /* LMSServiceXMLData.m in Sources */ = {isa = PBXBuildFile; fileRef = DFABC5CE1C2CD64000F110A7 /* LMSServiceXMLData.m */; };
/* End PBXBuildFile section */

/* Begin PBXContainerItemProxy section */
		DF1F1F971BF33E0E00BA019D /* PBXContainerItemProxy */ = {
			isa = PBXContainerItemProxy;
			containerPortal = DF1F1F751BF33E0D00BA019D /* Project object */;
			proxyType = 1;
			remoteGlobalIDString = DF1F1F7C1BF33E0E00BA019D;
			remoteInfo = IMNetworking;
		};
		DF1F1FA21BF33E0E00BA019D /* PBXContainerItemProxy */ = {
			isa = PBXContainerItemProxy;
			containerPortal = DF1F1F751BF33E0D00BA019D /* Project object */;
			proxyType = 1;
			remoteGlobalIDString = DF1F1F7C1BF33E0E00BA019D;
			remoteInfo = IMNetworking;
		};
/* End PBXContainerItemProxy section */

/* Begin PBXFileReference section */
		DF1F1F7D1BF33E0E00BA019D /* IMNetworking.app */ = {isa = PBXFileReference; explicitFileType = wrapper.application; includeInIndex = 0; path = IMNetworking.app; sourceTree = BUILT_PRODUCTS_DIR; };
		DF1F1F811BF33E0E00BA019D /* main.m */ = {isa = PBXFileReference; lastKnownFileType = sourcecode.c.objc; path = main.m; sourceTree = "<group>"; };
		DF1F1F831BF33E0E00BA019D /* AppDelegate.h */ = {isa = PBXFileReference; lastKnownFileType = sourcecode.c.h; path = AppDelegate.h; sourceTree = "<group>"; };
		DF1F1F841BF33E0E00BA019D /* AppDelegate.m */ = {isa = PBXFileReference; lastKnownFileType = sourcecode.c.objc; path = AppDelegate.m; sourceTree = "<group>"; };
		DF1F1F861BF33E0E00BA019D /* ViewController.h */ = {isa = PBXFileReference; lastKnownFileType = sourcecode.c.h; path = ViewController.h; sourceTree = "<group>"; };
		DF1F1F871BF33E0E00BA019D /* ViewController.m */ = {isa = PBXFileReference; lastKnownFileType = sourcecode.c.objc; path = ViewController.m; sourceTree = "<group>"; };
		DF1F1F8A1BF33E0E00BA019D /* Base */ = {isa = PBXFileReference; lastKnownFileType = file.storyboard; name = Base; path = Base.lproj/Main.storyboard; sourceTree = "<group>"; };
		DF1F1F8C1BF33E0E00BA019D /* Assets.xcassets */ = {isa = PBXFileReference; lastKnownFileType = folder.assetcatalog; path = Assets.xcassets; sourceTree = "<group>"; };
		DF1F1F8F1BF33E0E00BA019D /* Base */ = {isa = PBXFileReference; lastKnownFileType = file.storyboard; name = Base; path = Base.lproj/LaunchScreen.storyboard; sourceTree = "<group>"; };
		DF1F1F911BF33E0E00BA019D /* Info.plist */ = {isa = PBXFileReference; lastKnownFileType = text.plist.xml; path = Info.plist; sourceTree = "<group>"; };
		DF1F1F961BF33E0E00BA019D /* IMNetworkingTests.xctest */ = {isa = PBXFileReference; explicitFileType = wrapper.cfbundle; includeInIndex = 0; path = IMNetworkingTests.xctest; sourceTree = BUILT_PRODUCTS_DIR; };
		DF1F1F9A1BF33E0E00BA019D /* IMNetworkingTests.m */ = {isa = PBXFileReference; lastKnownFileType = sourcecode.c.objc; path = IMNetworkingTests.m; sourceTree = "<group>"; };
		DF1F1F9C1BF33E0E00BA019D /* Info.plist */ = {isa = PBXFileReference; lastKnownFileType = text.plist.xml; path = Info.plist; sourceTree = "<group>"; };
		DF1F1FA11BF33E0E00BA019D /* IMNetworkingUITests.xctest */ = {isa = PBXFileReference; explicitFileType = wrapper.cfbundle; includeInIndex = 0; path = IMNetworkingUITests.xctest; sourceTree = BUILT_PRODUCTS_DIR; };
		DF1F1FA51BF33E0E00BA019D /* IMNetworkingUITests.m */ = {isa = PBXFileReference; lastKnownFileType = sourcecode.c.objc; path = IMNetworkingUITests.m; sourceTree = "<group>"; };
		DF1F1FA71BF33E0E00BA019D /* Info.plist */ = {isa = PBXFileReference; lastKnownFileType = text.plist.xml; path = Info.plist; sourceTree = "<group>"; };
		DF1F20091BF33E5B00BA019D /* Service_Config.xml */ = {isa = PBXFileReference; fileEncoding = 4; lastKnownFileType = text.xml; path = Service_Config.xml; sourceTree = "<group>"; };
		DF1F20101BF33E5B00BA019D /* LoginApi.h */ = {isa = PBXFileReference; fileEncoding = 4; lastKnownFileType = sourcecode.c.h; path = LoginApi.h; sourceTree = "<group>"; };
		DF1F20111BF33E5B00BA019D /* LoginApi.m */ = {isa = PBXFileReference; fileEncoding = 4; lastKnownFileType = sourcecode.c.objc; path = LoginApi.m; sourceTree = "<group>"; };
		DFABC57F1C2CD64000F110A7 /* AFHTTPRequestOperation.h */ = {isa = PBXFileReference; fileEncoding = 4; lastKnownFileType = sourcecode.c.h; path = AFHTTPRequestOperation.h; sourceTree = "<group>"; };
		DFABC5801C2CD64000F110A7 /* AFHTTPRequestOperation.m */ = {isa = PBXFileReference; fileEncoding = 4; lastKnownFileType = sourcecode.c.objc; path = AFHTTPRequestOperation.m; sourceTree = "<group>"; };
		DFABC5811C2CD64000F110A7 /* AFHTTPRequestOperationManager.h */ = {isa = PBXFileReference; fileEncoding = 4; lastKnownFileType = sourcecode.c.h; path = AFHTTPRequestOperationManager.h; sourceTree = "<group>"; };
		DFABC5821C2CD64000F110A7 /* AFHTTPRequestOperationManager.m */ = {isa = PBXFileReference; fileEncoding = 4; lastKnownFileType = sourcecode.c.objc; path = AFHTTPRequestOperationManager.m; sourceTree = "<group>"; };
		DFABC5831C2CD64000F110A7 /* AFHTTPSessionManager.h */ = {isa = PBXFileReference; fileEncoding = 4; lastKnownFileType = sourcecode.c.h; path = AFHTTPSessionManager.h; sourceTree = "<group>"; };
		DFABC5841C2CD64000F110A7 /* AFHTTPSessionManager.m */ = {isa = PBXFileReference; fileEncoding = 4; lastKnownFileType = sourcecode.c.objc; path = AFHTTPSessionManager.m; sourceTree = "<group>"; };
		DFABC5851C2CD64000F110A7 /* AFNetworking.h */ = {isa = PBXFileReference; fileEncoding = 4; lastKnownFileType = sourcecode.c.h; path = AFNetworking.h; sourceTree = "<group>"; };
		DFABC5861C2CD64000F110A7 /* AFNetworkReachabilityManager.h */ = {isa = PBXFileReference; fileEncoding = 4; lastKnownFileType = sourcecode.c.h; path = AFNetworkReachabilityManager.h; sourceTree = "<group>"; };
		DFABC5871C2CD64000F110A7 /* AFNetworkReachabilityManager.m */ = {isa = PBXFileReference; fileEncoding = 4; lastKnownFileType = sourcecode.c.objc; path = AFNetworkReachabilityManager.m; sourceTree = "<group>"; };
		DFABC5881C2CD64000F110A7 /* AFSecurityPolicy.h */ = {isa = PBXFileReference; fileEncoding = 4; lastKnownFileType = sourcecode.c.h; path = AFSecurityPolicy.h; sourceTree = "<group>"; };
		DFABC5891C2CD64000F110A7 /* AFSecurityPolicy.m */ = {isa = PBXFileReference; fileEncoding = 4; lastKnownFileType = sourcecode.c.objc; path = AFSecurityPolicy.m; sourceTree = "<group>"; };
		DFABC58A1C2CD64000F110A7 /* AFURLConnectionOperation.h */ = {isa = PBXFileReference; fileEncoding = 4; lastKnownFileType = sourcecode.c.h; path = AFURLConnectionOperation.h; sourceTree = "<group>"; };
		DFABC58B1C2CD64000F110A7 /* AFURLConnectionOperation.m */ = {isa = PBXFileReference; fileEncoding = 4; lastKnownFileType = sourcecode.c.objc; path = AFURLConnectionOperation.m; sourceTree = "<group>"; };
		DFABC58C1C2CD64000F110A7 /* AFURLRequestSerialization.h */ = {isa = PBXFileReference; fileEncoding = 4; lastKnownFileType = sourcecode.c.h; path = AFURLRequestSerialization.h; sourceTree = "<group>"; };
		DFABC58D1C2CD64000F110A7 /* AFURLRequestSerialization.m */ = {isa = PBXFileReference; fileEncoding = 4; lastKnownFileType = sourcecode.c.objc; path = AFURLRequestSerialization.m; sourceTree = "<group>"; };
		DFABC58E1C2CD64000F110A7 /* AFURLResponseSerialization.h */ = {isa = PBXFileReference; fileEncoding = 4; lastKnownFileType = sourcecode.c.h; path = AFURLResponseSerialization.h; sourceTree = "<group>"; };
		DFABC58F1C2CD64000F110A7 /* AFURLResponseSerialization.m */ = {isa = PBXFileReference; fileEncoding = 4; lastKnownFileType = sourcecode.c.objc; path = AFURLResponseSerialization.m; sourceTree = "<group>"; };
		DFABC5901C2CD64000F110A7 /* AFURLSessionManager.h */ = {isa = PBXFileReference; fileEncoding = 4; lastKnownFileType = sourcecode.c.h; path = AFURLSessionManager.h; sourceTree = "<group>"; };
		DFABC5911C2CD64000F110A7 /* AFURLSessionManager.m */ = {isa = PBXFileReference; fileEncoding = 4; lastKnownFileType = sourcecode.c.objc; path = AFURLSessionManager.m; sourceTree = "<group>"; };
		DFABC5931C2CD64000F110A7 /* AFNetworkActivityIndicatorManager.h */ = {isa = PBXFileReference; fileEncoding = 4; lastKnownFileType = sourcecode.c.h; path = AFNetworkActivityIndicatorManager.h; sourceTree = "<group>"; };
		DFABC5941C2CD64000F110A7 /* AFNetworkActivityIndicatorManager.m */ = {isa = PBXFileReference; fileEncoding = 4; lastKnownFileType = sourcecode.c.objc; path = AFNetworkActivityIndicatorManager.m; sourceTree = "<group>"; };
		DFABC5951C2CD64000F110A7 /* UIActivityIndicatorView+AFNetworking.h */ = {isa = PBXFileReference; fileEncoding = 4; lastKnownFileType = sourcecode.c.h; path = "UIActivityIndicatorView+AFNetworking.h"; sourceTree = "<group>"; };
		DFABC5961C2CD64000F110A7 /* UIActivityIndicatorView+AFNetworking.m */ = {isa = PBXFileReference; fileEncoding = 4; lastKnownFileType = sourcecode.c.objc; path = "UIActivityIndicatorView+AFNetworking.m"; sourceTree = "<group>"; };
		DFABC5971C2CD64000F110A7 /* UIAlertView+AFNetworking.h */ = {isa = PBXFileReference; fileEncoding = 4; lastKnownFileType = sourcecode.c.h; path = "UIAlertView+AFNetworking.h"; sourceTree = "<group>"; };
		DFABC5981C2CD64000F110A7 /* UIAlertView+AFNetworking.m */ = {isa = PBXFileReference; fileEncoding = 4; lastKnownFileType = sourcecode.c.objc; path = "UIAlertView+AFNetworking.m"; sourceTree = "<group>"; };
		DFABC5991C2CD64000F110A7 /* UIButton+AFNetworking.h */ = {isa = PBXFileReference; fileEncoding = 4; lastKnownFileType = sourcecode.c.h; path = "UIButton+AFNetworking.h"; sourceTree = "<group>"; };
		DFABC59A1C2CD64000F110A7 /* UIButton+AFNetworking.m */ = {isa = PBXFileReference; fileEncoding = 4; lastKnownFileType = sourcecode.c.objc; path = "UIButton+AFNetworking.m"; sourceTree = "<group>"; };
		DFABC59B1C2CD64000F110A7 /* UIImageView+AFNetworking.h */ = {isa = PBXFileReference; fileEncoding = 4; lastKnownFileType = sourcecode.c.h; path = "UIImageView+AFNetworking.h"; sourceTree = "<group>"; };
		DFABC59C1C2CD64000F110A7 /* UIImageView+AFNetworking.m */ = {isa = PBXFileReference; fileEncoding = 4; lastKnownFileType = sourcecode.c.objc; path = "UIImageView+AFNetworking.m"; sourceTree = "<group>"; };
		DFABC59D1C2CD64000F110A7 /* UIKit+AFNetworking.h */ = {isa = PBXFileReference; fileEncoding = 4; lastKnownFileType = sourcecode.c.h; path = "UIKit+AFNetworking.h"; sourceTree = "<group>"; };
		DFABC59E1C2CD64000F110A7 /* UIProgressView+AFNetworking.h */ = {isa = PBXFileReference; fileEncoding = 4; lastKnownFileType = sourcecode.c.h; path = "UIProgressView+AFNetworking.h"; sourceTree = "<group>"; };
		DFABC59F1C2CD64000F110A7 /* UIProgressView+AFNetworking.m */ = {isa = PBXFileReference; fileEncoding = 4; lastKnownFileType = sourcecode.c.objc; path = "UIProgressView+AFNetworking.m"; sourceTree = "<group>"; };
		DFABC5A01C2CD64000F110A7 /* UIRefreshControl+AFNetworking.h */ = {isa = PBXFileReference; fileEncoding = 4; lastKnownFileType = sourcecode.c.h; path = "UIRefreshControl+AFNetworking.h"; sourceTree = "<group>"; };
		DFABC5A11C2CD64000F110A7 /* UIRefreshControl+AFNetworking.m */ = {isa = PBXFileReference; fileEncoding = 4; lastKnownFileType = sourcecode.c.objc; path = "UIRefreshControl+AFNetworking.m"; sourceTree = "<group>"; };
		DFABC5A21C2CD64000F110A7 /* UIWebView+AFNetworking.h */ = {isa = PBXFileReference; fileEncoding = 4; lastKnownFileType = sourcecode.c.h; path = "UIWebView+AFNetworking.h"; sourceTree = "<group>"; };
		DFABC5A31C2CD64000F110A7 /* UIWebView+AFNetworking.m */ = {isa = PBXFileReference; fileEncoding = 4; lastKnownFileType = sourcecode.c.objc; path = "UIWebView+AFNetworking.m"; sourceTree = "<group>"; };
		DFABC5AA1C2CD64000F110A7 /* MJDictionaryCache.h */ = {isa = PBXFileReference; fileEncoding = 4; lastKnownFileType = sourcecode.c.h; path = MJDictionaryCache.h; sourceTree = "<group>"; };
		DFABC5AB1C2CD64000F110A7 /* MJDictionaryCache.m */ = {isa = PBXFileReference; fileEncoding = 4; lastKnownFileType = sourcecode.c.objc; path = MJDictionaryCache.m; sourceTree = "<group>"; };
		DFABC5AC1C2CD64000F110A7 /* MJExtension.h */ = {isa = PBXFileReference; fileEncoding = 4; lastKnownFileType = sourcecode.c.h; path = MJExtension.h; sourceTree = "<group>"; };
		DFABC5AD1C2CD64000F110A7 /* MJExtensionConst.h */ = {isa = PBXFileReference; fileEncoding = 4; lastKnownFileType = sourcecode.c.h; path = MJExtensionConst.h; sourceTree = "<group>"; };
		DFABC5AE1C2CD64000F110A7 /* MJExtensionConst.m */ = {isa = PBXFileReference; fileEncoding = 4; lastKnownFileType = sourcecode.c.objc; path = MJExtensionConst.m; sourceTree = "<group>"; };
		DFABC5AF1C2CD64000F110A7 /* MJFoundation.h */ = {isa = PBXFileReference; fileEncoding = 4; lastKnownFileType = sourcecode.c.h; path = MJFoundation.h; sourceTree = "<group>"; };
		DFABC5B01C2CD64000F110A7 /* MJFoundation.m */ = {isa = PBXFileReference; fileEncoding = 4; lastKnownFileType = sourcecode.c.objc; path = MJFoundation.m; sourceTree = "<group>"; };
		DFABC5B11C2CD64000F110A7 /* MJProperty.h */ = {isa = PBXFileReference; fileEncoding = 4; lastKnownFileType = sourcecode.c.h; path = MJProperty.h; sourceTree = "<group>"; };
		DFABC5B21C2CD64000F110A7 /* MJProperty.m */ = {isa = PBXFileReference; fileEncoding = 4; lastKnownFileType = sourcecode.c.objc; path = MJProperty.m; sourceTree = "<group>"; };
		DFABC5B31C2CD64000F110A7 /* MJPropertyKey.h */ = {isa = PBXFileReference; fileEncoding = 4; lastKnownFileType = sourcecode.c.h; path = MJPropertyKey.h; sourceTree = "<group>"; };
		DFABC5B41C2CD64000F110A7 /* MJPropertyKey.m */ = {isa = PBXFileReference; fileEncoding = 4; lastKnownFileType = sourcecode.c.objc; path = MJPropertyKey.m; sourceTree = "<group>"; };
		DFABC5B51C2CD64000F110A7 /* MJPropertyType.h */ = {isa = PBXFileReference; fileEncoding = 4; lastKnownFileType = sourcecode.c.h; path = MJPropertyType.h; sourceTree = "<group>"; };
		DFABC5B61C2CD64000F110A7 /* MJPropertyType.m */ = {isa = PBXFileReference; fileEncoding = 4; lastKnownFileType = sourcecode.c.objc; path = MJPropertyType.m; sourceTree = "<group>"; };
		DFABC5B71C2CD64000F110A7 /* NSObject+MJClass.h */ = {isa = PBXFileReference; fileEncoding = 4; lastKnownFileType = sourcecode.c.h; path = "NSObject+MJClass.h"; sourceTree = "<group>"; };
		DFABC5B81C2CD64000F110A7 /* NSObject+MJClass.m */ = {isa = PBXFileReference; fileEncoding = 4; lastKnownFileType = sourcecode.c.objc; path = "NSObject+MJClass.m"; sourceTree = "<group>"; };
		DFABC5B91C2CD64000F110A7 /* NSObject+MJCoding.h */ = {isa = PBXFileReference; fileEncoding = 4; lastKnownFileType = sourcecode.c.h; path = "NSObject+MJCoding.h"; sourceTree = "<group>"; };
		DFABC5BA1C2CD64000F110A7 /* NSObject+MJCoding.m */ = {isa = PBXFileReference; fileEncoding = 4; lastKnownFileType = sourcecode.c.objc; path = "NSObject+MJCoding.m"; sourceTree = "<group>"; };
		DFABC5BB1C2CD64000F110A7 /* NSObject+MJKeyValue.h */ = {isa = PBXFileReference; fileEncoding = 4; lastKnownFileType = sourcecode.c.h; path = "NSObject+MJKeyValue.h"; sourceTree = "<group>"; };
		DFABC5BC1C2CD64000F110A7 /* NSObject+MJKeyValue.m */ = {isa = PBXFileReference; fileEncoding = 4; lastKnownFileType = sourcecode.c.objc; path = "NSObject+MJKeyValue.m"; sourceTree = "<group>"; };
		DFABC5BD1C2CD64000F110A7 /* NSObject+MJProperty.h */ = {isa = PBXFileReference; fileEncoding = 4; lastKnownFileType = sourcecode.c.h; path = "NSObject+MJProperty.h"; sourceTree = "<group>"; };
		DFABC5BE1C2CD64000F110A7 /* NSObject+MJProperty.m */ = {isa = PBXFileReference; fileEncoding = 4; lastKnownFileType = sourcecode.c.objc; path = "NSObject+MJProperty.m"; sourceTree = "<group>"; };
		DFABC5BF1C2CD64000F110A7 /* NSString+MJExtension.h */ = {isa = PBXFileReference; fileEncoding = 4; lastKnownFileType = sourcecode.c.h; path = "NSString+MJExtension.h"; sourceTree = "<group>"; };
		DFABC5C01C2CD64000F110A7 /* NSString+MJExtension.m */ = {isa = PBXFileReference; fileEncoding = 4; lastKnownFileType = sourcecode.c.objc; path = "NSString+MJExtension.m"; sourceTree = "<group>"; };
		DFABC5C31C2CD64000F110A7 /* RXMLElement.h */ = {isa = PBXFileReference; fileEncoding = 4; lastKnownFileType = sourcecode.c.h; path = RXMLElement.h; sourceTree = "<group>"; };
		DFABC5C41C2CD64000F110A7 /* RXMLElement.m */ = {isa = PBXFileReference; fileEncoding = 4; lastKnownFileType = sourcecode.c.objc; path = RXMLElement.m; sourceTree = "<group>"; };
		DFABC5C51C2CD64000F110A7 /* LMSNetworking.h */ = {isa = PBXFileReference; fileEncoding = 4; lastKnownFileType = sourcecode.c.h; path = LMSNetworking.h; sourceTree = "<group>"; };
		DFABC5C61C2CD64000F110A7 /* LMSNetworking.m */ = {isa = PBXFileReference; fileEncoding = 4; lastKnownFileType = sourcecode.c.objc; path = LMSNetworking.m; sourceTree = "<group>"; };
		DFABC5C71C2CD64000F110A7 /* LMSRequest.h */ = {isa = PBXFileReference; fileEncoding = 4; lastKnownFileType = sourcecode.c.h; path = LMSRequest.h; sourceTree = "<group>"; };
		DFABC5C81C2CD64000F110A7 /* LMSRequest.m */ = {isa = PBXFileReference; fileEncoding = 4; lastKnownFileType = sourcecode.c.objc; path = LMSRequest.m; sourceTree = "<group>"; };
		DFABC5C91C2CD64000F110A7 /* LMSServiceError.h */ = {isa = PBXFileReference; fileEncoding = 4; lastKnownFileType = sourcecode.c.h; path = LMSServiceError.h; sourceTree = "<group>"; };
		DFABC5CA1C2CD64000F110A7 /* LMSServiceError.m */ = {isa = PBXFileReference; fileEncoding = 4; lastKnownFileType = sourcecode.c.objc; path = LMSServiceError.m; sourceTree = "<group>"; };
		DFABC5CB1C2CD64000F110A7 /* LMSServiceModel.h */ = {isa = PBXFileReference; fileEncoding = 4; lastKnownFileType = sourcecode.c.h; path = LMSServiceModel.h; sourceTree = "<group>"; };
		DFABC5CC1C2CD64000F110A7 /* LMSServiceModel.m */ = {isa = PBXFileReference; fileEncoding = 4; lastKnownFileType = sourcecode.c.objc; path = LMSServiceModel.m; sourceTree = "<group>"; };
		DFABC5CD1C2CD64000F110A7 /* LMSServiceXMLData.h */ = {isa = PBXFileReference; fileEncoding = 4; lastKnownFileType = sourcecode.c.h; path = LMSServiceXMLData.h; sourceTree = "<group>"; };
		DFABC5CE1C2CD64000F110A7 /* LMSServiceXMLData.m */ = {isa = PBXFileReference; fileEncoding = 4; lastKnownFileType = sourcecode.c.objc; path = LMSServiceXMLData.m; sourceTree = "<group>"; };
/* End PBXFileReference section */

/* Begin PBXFrameworksBuildPhase section */
		DF1F1F7A1BF33E0E00BA019D /* Frameworks */ = {
			isa = PBXFrameworksBuildPhase;
			buildActionMask = 2147483647;
			files = (
			);
			runOnlyForDeploymentPostprocessing = 0;
		};
		DF1F1F931BF33E0E00BA019D /* Frameworks */ = {
			isa = PBXFrameworksBuildPhase;
			buildActionMask = 2147483647;
			files = (
			);
			runOnlyForDeploymentPostprocessing = 0;
		};
		DF1F1F9E1BF33E0E00BA019D /* Frameworks */ = {
			isa = PBXFrameworksBuildPhase;
			buildActionMask = 2147483647;
			files = (
			);
			runOnlyForDeploymentPostprocessing = 0;
		};
/* End PBXFrameworksBuildPhase section */

/* Begin PBXGroup section */
		DF1F1F741BF33E0D00BA019D = {
			isa = PBXGroup;
			children = (
				DF1F1F7F1BF33E0E00BA019D /* IMNetworking */,
				DF1F1F991BF33E0E00BA019D /* IMNetworkingTests */,
				DF1F1FA41BF33E0E00BA019D /* IMNetworkingUITests */,
				DF1F1F7E1BF33E0E00BA019D /* Products */,
			);
			sourceTree = "<group>";
		};
		DF1F1F7E1BF33E0E00BA019D /* Products */ = {
			isa = PBXGroup;
			children = (
				DF1F1F7D1BF33E0E00BA019D /* IMNetworking.app */,
				DF1F1F961BF33E0E00BA019D /* IMNetworkingTests.xctest */,
				DF1F1FA11BF33E0E00BA019D /* IMNetworkingUITests.xctest */,
			);
			name = Products;
			sourceTree = "<group>";
		};
		DF1F1F7F1BF33E0E00BA019D /* IMNetworking */ = {
			isa = PBXGroup;
			children = (
				DF1F1FB31BF33E5B00BA019D /* IMNetKit */,
				DF1F20101BF33E5B00BA019D /* LoginApi.h */,
				DF1F20111BF33E5B00BA019D /* LoginApi.m */,
				DF1F1F831BF33E0E00BA019D /* AppDelegate.h */,
				DF1F1F841BF33E0E00BA019D /* AppDelegate.m */,
				DF1F1F861BF33E0E00BA019D /* ViewController.h */,
				DF1F1F871BF33E0E00BA019D /* ViewController.m */,
				DF1F1F891BF33E0E00BA019D /* Main.storyboard */,
				DF1F1F8C1BF33E0E00BA019D /* Assets.xcassets */,
				DF1F1F8E1BF33E0E00BA019D /* LaunchScreen.storyboard */,
				DF1F1F911BF33E0E00BA019D /* Info.plist */,
				DF1F1F801BF33E0E00BA019D /* Supporting Files */,
			);
			path = IMNetworking;
			sourceTree = "<group>";
		};
		DF1F1F801BF33E0E00BA019D /* Supporting Files */ = {
			isa = PBXGroup;
			children = (
				DF1F1F811BF33E0E00BA019D /* main.m */,
			);
			name = "Supporting Files";
			sourceTree = "<group>";
		};
		DF1F1F991BF33E0E00BA019D /* IMNetworkingTests */ = {
			isa = PBXGroup;
			children = (
				DF1F1F9A1BF33E0E00BA019D /* IMNetworkingTests.m */,
				DF1F1F9C1BF33E0E00BA019D /* Info.plist */,
			);
			path = IMNetworkingTests;
			sourceTree = "<group>";
		};
		DF1F1FA41BF33E0E00BA019D /* IMNetworkingUITests */ = {
			isa = PBXGroup;
			children = (
				DF1F1FA51BF33E0E00BA019D /* IMNetworkingUITests.m */,
				DF1F1FA71BF33E0E00BA019D /* Info.plist */,
			);
			path = IMNetworkingUITests;
			sourceTree = "<group>";
		};
		DF1F1FB31BF33E5B00BA019D /* IMNetKit */ = {
			isa = PBXGroup;
			children = (
				DFABC57C1C2CD64000F110A7 /* Libs */,
				DFABC5C51C2CD64000F110A7 /* LMSNetworking.h */,
				DFABC5C61C2CD64000F110A7 /* LMSNetworking.m */,
				DFABC5C71C2CD64000F110A7 /* LMSRequest.h */,
				DFABC5C81C2CD64000F110A7 /* LMSRequest.m */,
				DFABC5C91C2CD64000F110A7 /* LMSServiceError.h */,
				DFABC5CA1C2CD64000F110A7 /* LMSServiceError.m */,
				DFABC5CB1C2CD64000F110A7 /* LMSServiceModel.h */,
				DFABC5CC1C2CD64000F110A7 /* LMSServiceModel.m */,
				DFABC5CD1C2CD64000F110A7 /* LMSServiceXMLData.h */,
				DFABC5CE1C2CD64000F110A7 /* LMSServiceXMLData.m */,
				DF1F20091BF33E5B00BA019D /* Service_Config.xml */,
			);
			path = IMNetKit;
			sourceTree = "<group>";
		};
		DFABC57C1C2CD64000F110A7 /* Libs */ = {
			isa = PBXGroup;
			children = (
				DFABC57D1C2CD64000F110A7 /* AFNetworking */,
				DFABC5A81C2CD64000F110A7 /* MJExtension */,
				DFABC5C11C2CD64000F110A7 /* RaptureXML */,
			);
			path = Libs;
			sourceTree = "<group>";
		};
		DFABC57D1C2CD64000F110A7 /* AFNetworking */ = {
			isa = PBXGroup;
			children = (
				DFABC57E1C2CD64000F110A7 /* AFNetworking */,
				DFABC5921C2CD64000F110A7 /* UIKit+AFNetworking */,
			);
			path = AFNetworking;
			sourceTree = "<group>";
		};
		DFABC57E1C2CD64000F110A7 /* AFNetworking */ = {
			isa = PBXGroup;
			children = (
				DFABC57F1C2CD64000F110A7 /* AFHTTPRequestOperation.h */,
				DFABC5801C2CD64000F110A7 /* AFHTTPRequestOperation.m */,
				DFABC5811C2CD64000F110A7 /* AFHTTPRequestOperationManager.h */,
				DFABC5821C2CD64000F110A7 /* AFHTTPRequestOperationManager.m */,
				DFABC5831C2CD64000F110A7 /* AFHTTPSessionManager.h */,
				DFABC5841C2CD64000F110A7 /* AFHTTPSessionManager.m */,
				DFABC5851C2CD64000F110A7 /* AFNetworking.h */,
				DFABC5861C2CD64000F110A7 /* AFNetworkReachabilityManager.h */,
				DFABC5871C2CD64000F110A7 /* AFNetworkReachabilityManager.m */,
				DFABC5881C2CD64000F110A7 /* AFSecurityPolicy.h */,
				DFABC5891C2CD64000F110A7 /* AFSecurityPolicy.m */,
				DFABC58A1C2CD64000F110A7 /* AFURLConnectionOperation.h */,
				DFABC58B1C2CD64000F110A7 /* AFURLConnectionOperation.m */,
				DFABC58C1C2CD64000F110A7 /* AFURLRequestSerialization.h */,
				DFABC58D1C2CD64000F110A7 /* AFURLRequestSerialization.m */,
				DFABC58E1C2CD64000F110A7 /* AFURLResponseSerialization.h */,
				DFABC58F1C2CD64000F110A7 /* AFURLResponseSerialization.m */,
				DFABC5901C2CD64000F110A7 /* AFURLSessionManager.h */,
				DFABC5911C2CD64000F110A7 /* AFURLSessionManager.m */,
			);
			path = AFNetworking;
			sourceTree = "<group>";
		};
		DFABC5921C2CD64000F110A7 /* UIKit+AFNetworking */ = {
			isa = PBXGroup;
			children = (
				DFABC5931C2CD64000F110A7 /* AFNetworkActivityIndicatorManager.h */,
				DFABC5941C2CD64000F110A7 /* AFNetworkActivityIndicatorManager.m */,
				DFABC5951C2CD64000F110A7 /* UIActivityIndicatorView+AFNetworking.h */,
				DFABC5961C2CD64000F110A7 /* UIActivityIndicatorView+AFNetworking.m */,
				DFABC5971C2CD64000F110A7 /* UIAlertView+AFNetworking.h */,
				DFABC5981C2CD64000F110A7 /* UIAlertView+AFNetworking.m */,
				DFABC5991C2CD64000F110A7 /* UIButton+AFNetworking.h */,
				DFABC59A1C2CD64000F110A7 /* UIButton+AFNetworking.m */,
				DFABC59B1C2CD64000F110A7 /* UIImageView+AFNetworking.h */,
				DFABC59C1C2CD64000F110A7 /* UIImageView+AFNetworking.m */,
				DFABC59D1C2CD64000F110A7 /* UIKit+AFNetworking.h */,
				DFABC59E1C2CD64000F110A7 /* UIProgressView+AFNetworking.h */,
				DFABC59F1C2CD64000F110A7 /* UIProgressView+AFNetworking.m */,
				DFABC5A01C2CD64000F110A7 /* UIRefreshControl+AFNetworking.h */,
				DFABC5A11C2CD64000F110A7 /* UIRefreshControl+AFNetworking.m */,
				DFABC5A21C2CD64000F110A7 /* UIWebView+AFNetworking.h */,
				DFABC5A31C2CD64000F110A7 /* UIWebView+AFNetworking.m */,
			);
			path = "UIKit+AFNetworking";
			sourceTree = "<group>";
		};
		DFABC5A81C2CD64000F110A7 /* MJExtension */ = {
			isa = PBXGroup;
			children = (
				DFABC5A91C2CD64000F110A7 /* MJExtension */,
			);
			path = MJExtension;
			sourceTree = "<group>";
		};
		DFABC5A91C2CD64000F110A7 /* MJExtension */ = {
			isa = PBXGroup;
			children = (
				DFABC5AA1C2CD64000F110A7 /* MJDictionaryCache.h */,
				DFABC5AB1C2CD64000F110A7 /* MJDictionaryCache.m */,
				DFABC5AC1C2CD64000F110A7 /* MJExtension.h */,
				DFABC5AD1C2CD64000F110A7 /* MJExtensionConst.h */,
				DFABC5AE1C2CD64000F110A7 /* MJExtensionConst.m */,
				DFABC5AF1C2CD64000F110A7 /* MJFoundation.h */,
				DFABC5B01C2CD64000F110A7 /* MJFoundation.m */,
				DFABC5B11C2CD64000F110A7 /* MJProperty.h */,
				DFABC5B21C2CD64000F110A7 /* MJProperty.m */,
				DFABC5B31C2CD64000F110A7 /* MJPropertyKey.h */,
				DFABC5B41C2CD64000F110A7 /* MJPropertyKey.m */,
				DFABC5B51C2CD64000F110A7 /* MJPropertyType.h */,
				DFABC5B61C2CD64000F110A7 /* MJPropertyType.m */,
				DFABC5B71C2CD64000F110A7 /* NSObject+MJClass.h */,
				DFABC5B81C2CD64000F110A7 /* NSObject+MJClass.m */,
				DFABC5B91C2CD64000F110A7 /* NSObject+MJCoding.h */,
				DFABC5BA1C2CD64000F110A7 /* NSObject+MJCoding.m */,
				DFABC5BB1C2CD64000F110A7 /* NSObject+MJKeyValue.h */,
				DFABC5BC1C2CD64000F110A7 /* NSObject+MJKeyValue.m */,
				DFABC5BD1C2CD64000F110A7 /* NSObject+MJProperty.h */,
				DFABC5BE1C2CD64000F110A7 /* NSObject+MJProperty.m */,
				DFABC5BF1C2CD64000F110A7 /* NSString+MJExtension.h */,
				DFABC5C01C2CD64000F110A7 /* NSString+MJExtension.m */,
			);
			path = MJExtension;
			sourceTree = "<group>";
		};
		DFABC5C11C2CD64000F110A7 /* RaptureXML */ = {
			isa = PBXGroup;
			children = (
				DFABC5C21C2CD64000F110A7 /* RaptureXML */,
			);
			path = RaptureXML;
			sourceTree = "<group>";
		};
		DFABC5C21C2CD64000F110A7 /* RaptureXML */ = {
			isa = PBXGroup;
			children = (
				DFABC5C31C2CD64000F110A7 /* RXMLElement.h */,
				DFABC5C41C2CD64000F110A7 /* RXMLElement.m */,
			);
			path = RaptureXML;
			sourceTree = "<group>";
		};
/* End PBXGroup section */

/* Begin PBXNativeTarget section */
		DF1F1F7C1BF33E0E00BA019D /* IMNetworking */ = {
			isa = PBXNativeTarget;
			buildConfigurationList = DF1F1FAA1BF33E0E00BA019D /* Build configuration list for PBXNativeTarget "IMNetworking" */;
			buildPhases = (
				DF1F1F791BF33E0E00BA019D /* Sources */,
				DF1F1F7A1BF33E0E00BA019D /* Frameworks */,
				DF1F1F7B1BF33E0E00BA019D /* Resources */,
			);
			buildRules = (
			);
			dependencies = (
			);
			name = IMNetworking;
			productName = IMNetworking;
			productReference = DF1F1F7D1BF33E0E00BA019D /* IMNetworking.app */;
			productType = "com.apple.product-type.application";
		};
		DF1F1F951BF33E0E00BA019D /* IMNetworkingTests */ = {
			isa = PBXNativeTarget;
			buildConfigurationList = DF1F1FAD1BF33E0E00BA019D /* Build configuration list for PBXNativeTarget "IMNetworkingTests" */;
			buildPhases = (
				DF1F1F921BF33E0E00BA019D /* Sources */,
				DF1F1F931BF33E0E00BA019D /* Frameworks */,
				DF1F1F941BF33E0E00BA019D /* Resources */,
			);
			buildRules = (
			);
			dependencies = (
				DF1F1F981BF33E0E00BA019D /* PBXTargetDependency */,
			);
			name = IMNetworkingTests;
			productName = IMNetworkingTests;
			productReference = DF1F1F961BF33E0E00BA019D /* IMNetworkingTests.xctest */;
			productType = "com.apple.product-type.bundle.unit-test";
		};
		DF1F1FA01BF33E0E00BA019D /* IMNetworkingUITests */ = {
			isa = PBXNativeTarget;
			buildConfigurationList = DF1F1FB01BF33E0E00BA019D /* Build configuration list for PBXNativeTarget "IMNetworkingUITests" */;
			buildPhases = (
				DF1F1F9D1BF33E0E00BA019D /* Sources */,
				DF1F1F9E1BF33E0E00BA019D /* Frameworks */,
				DF1F1F9F1BF33E0E00BA019D /* Resources */,
			);
			buildRules = (
			);
			dependencies = (
				DF1F1FA31BF33E0E00BA019D /* PBXTargetDependency */,
			);
			name = IMNetworkingUITests;
			productName = IMNetworkingUITests;
			productReference = DF1F1FA11BF33E0E00BA019D /* IMNetworkingUITests.xctest */;
			productType = "com.apple.product-type.bundle.ui-testing";
		};
/* End PBXNativeTarget section */

/* Begin PBXProject section */
		DF1F1F751BF33E0D00BA019D /* Project object */ = {
			isa = PBXProject;
			attributes = {
				LastUpgradeCheck = 0700;
				ORGANIZATIONNAME = LQ;
				TargetAttributes = {
					DF1F1F7C1BF33E0E00BA019D = {
						CreatedOnToolsVersion = 7.0.1;
					};
					DF1F1F951BF33E0E00BA019D = {
						CreatedOnToolsVersion = 7.0.1;
						TestTargetID = DF1F1F7C1BF33E0E00BA019D;
					};
					DF1F1FA01BF33E0E00BA019D = {
						CreatedOnToolsVersion = 7.0.1;
						TestTargetID = DF1F1F7C1BF33E0E00BA019D;
					};
				};
			};
			buildConfigurationList = DF1F1F781BF33E0D00BA019D /* Build configuration list for PBXProject "IMNetworking" */;
			compatibilityVersion = "Xcode 3.2";
			developmentRegion = English;
			hasScannedForEncodings = 0;
			knownRegions = (
				en,
				Base,
			);
			mainGroup = DF1F1F741BF33E0D00BA019D;
			productRefGroup = DF1F1F7E1BF33E0E00BA019D /* Products */;
			projectDirPath = "";
			projectRoot = "";
			targets = (
				DF1F1F7C1BF33E0E00BA019D /* IMNetworking */,
				DF1F1F951BF33E0E00BA019D /* IMNetworkingTests */,
				DF1F1FA01BF33E0E00BA019D /* IMNetworkingUITests */,
			);
		};
/* End PBXProject section */

/* Begin PBXResourcesBuildPhase section */
		DF1F1F7B1BF33E0E00BA019D /* Resources */ = {
			isa = PBXResourcesBuildPhase;
			buildActionMask = 2147483647;
			files = (
				DF1F1F901BF33E0E00BA019D /* LaunchScreen.storyboard in Resources */,
				DF1F1F8D1BF33E0E00BA019D /* Assets.xcassets in Resources */,
				DF1F1F8B1BF33E0E00BA019D /* Main.storyboard in Resources */,
				DF1F20371BF33E5B00BA019D /* Service_Config.xml in Resources */,
			);
			runOnlyForDeploymentPostprocessing = 0;
		};
		DF1F1F941BF33E0E00BA019D /* Resources */ = {
			isa = PBXResourcesBuildPhase;
			buildActionMask = 2147483647;
			files = (
			);
			runOnlyForDeploymentPostprocessing = 0;
		};
		DF1F1F9F1BF33E0E00BA019D /* Resources */ = {
			isa = PBXResourcesBuildPhase;
			buildActionMask = 2147483647;
			files = (
			);
			runOnlyForDeploymentPostprocessing = 0;
		};
/* End PBXResourcesBuildPhase section */

/* Begin PBXSourcesBuildPhase section */
		DF1F1F791BF33E0E00BA019D /* Sources */ = {
			isa = PBXSourcesBuildPhase;
			buildActionMask = 2147483647;
			files = (
				DFABC5DD1C2CD64000F110A7 /* UIProgressView+AFNetworking.m in Sources */,
				DFABC5E81C2CD64000F110A7 /* NSObject+MJClass.m in Sources */,
				DFABC5DB1C2CD64000F110A7 /* UIButton+AFNetworking.m in Sources */,
				DFABC5DE1C2CD64000F110A7 /* UIRefreshControl+AFNetworking.m in Sources */,
				DFABC5DA1C2CD64000F110A7 /* UIAlertView+AFNetworking.m in Sources */,
				DFABC5ED1C2CD64000F110A7 /* RXMLElement.m in Sources */,
				DFABC5F01C2CD64000F110A7 /* LMSServiceError.m in Sources */,
				DFABC5E61C2CD64000F110A7 /* MJPropertyKey.m in Sources */,
				DFABC5F11C2CD64000F110A7 /* LMSServiceModel.m in Sources */,
				DFABC5E71C2CD64000F110A7 /* MJPropertyType.m in Sources */,
				DF1F1F881BF33E0E00BA019D /* ViewController.m in Sources */,
				DFABC5D31C2CD64000F110A7 /* AFSecurityPolicy.m in Sources */,
				DF1F203B1BF33E5B00BA019D /* LoginApi.m in Sources */,
				DFABC5D01C2CD64000F110A7 /* AFHTTPRequestOperationManager.m in Sources */,
				DFABC5EF1C2CD64000F110A7 /* LMSRequest.m in Sources */,
				DFABC5EA1C2CD64000F110A7 /* NSObject+MJKeyValue.m in Sources */,
				DFABC5D41C2CD64000F110A7 /* AFURLConnectionOperation.m in Sources */,
				DFABC5DC1C2CD64000F110A7 /* UIImageView+AFNetworking.m in Sources */,
				DFABC5CF1C2CD64000F110A7 /* AFHTTPRequestOperation.m in Sources */,
				DFABC5EB1C2CD64000F110A7 /* NSObject+MJProperty.m in Sources */,
				DFABC5EE1C2CD64000F110A7 /* LMSNetworking.m in Sources */,
				DFABC5E91C2CD64000F110A7 /* NSObject+MJCoding.m in Sources */,
				DFABC5D91C2CD64000F110A7 /* UIActivityIndicatorView+AFNetworking.m in Sources */,
				DF1F1F851BF33E0E00BA019D /* AppDelegate.m in Sources */,
				DFABC5D51C2CD64000F110A7 /* AFURLRequestSerialization.m in Sources */,
				DFABC5D11C2CD64000F110A7 /* AFHTTPSessionManager.m in Sources */,
				DFABC5E31C2CD64000F110A7 /* MJExtensionConst.m in Sources */,
				DFABC5EC1C2CD64000F110A7 /* NSString+MJExtension.m in Sources */,
				DFABC5E51C2CD64000F110A7 /* MJProperty.m in Sources */,
				DFABC5F21C2CD64000F110A7 /* LMSServiceXMLData.m in Sources */,
				DFABC5D21C2CD64000F110A7 /* AFNetworkReachabilityManager.m in Sources */,
				DFABC5D61C2CD64000F110A7 /* AFURLResponseSerialization.m in Sources */,
				DFABC5DF1C2CD64000F110A7 /* UIWebView+AFNetworking.m in Sources */,
				DFABC5E21C2CD64000F110A7 /* MJDictionaryCache.m in Sources */,
				DFABC5D71C2CD64000F110A7 /* AFURLSessionManager.m in Sources */,
				DFABC5D81C2CD64000F110A7 /* AFNetworkActivityIndicatorManager.m in Sources */,
				DFABC5E41C2CD64000F110A7 /* MJFoundation.m in Sources */,
				DF1F1F821BF33E0E00BA019D /* main.m in Sources */,
			);
			runOnlyForDeploymentPostprocessing = 0;
		};
		DF1F1F921BF33E0E00BA019D /* Sources */ = {
			isa = PBXSourcesBuildPhase;
			buildActionMask = 2147483647;
			files = (
				DF1F1F9B1BF33E0E00BA019D /* IMNetworkingTests.m in Sources */,
			);
			runOnlyForDeploymentPostprocessing = 0;
		};
		DF1F1F9D1BF33E0E00BA019D /* Sources */ = {
			isa = PBXSourcesBuildPhase;
			buildActionMask = 2147483647;
			files = (
				DF1F1FA61BF33E0E00BA019D /* IMNetworkingUITests.m in Sources */,
			);
			runOnlyForDeploymentPostprocessing = 0;
		};
/* End PBXSourcesBuildPhase section */

/* Begin PBXTargetDependency section */
		DF1F1F981BF33E0E00BA019D /* PBXTargetDependency */ = {
			isa = PBXTargetDependency;
			target = DF1F1F7C1BF33E0E00BA019D /* IMNetworking */;
			targetProxy = DF1F1F971BF33E0E00BA019D /* PBXContainerItemProxy */;
		};
		DF1F1FA31BF33E0E00BA019D /* PBXTargetDependency */ = {
			isa = PBXTargetDependency;
			target = DF1F1F7C1BF33E0E00BA019D /* IMNetworking */;
			targetProxy = DF1F1FA21BF33E0E00BA019D /* PBXContainerItemProxy */;
		};
/* End PBXTargetDependency section */

/* Begin PBXVariantGroup section */
		DF1F1F891BF33E0E00BA019D /* Main.storyboard */ = {
			isa = PBXVariantGroup;
			children = (
				DF1F1F8A1BF33E0E00BA019D /* Base */,
			);
			name = Main.storyboard;
			sourceTree = "<group>";
		};
		DF1F1F8E1BF33E0E00BA019D /* LaunchScreen.storyboard */ = {
			isa = PBXVariantGroup;
			children = (
				DF1F1F8F1BF33E0E00BA019D /* Base */,
			);
			name = LaunchScreen.storyboard;
			sourceTree = "<group>";
		};
/* End PBXVariantGroup section */

/* Begin XCBuildConfiguration section */
		DF1F1FA81BF33E0E00BA019D /* Debug */ = {
			isa = XCBuildConfiguration;
			buildSettings = {
				ALWAYS_SEARCH_USER_PATHS = NO;
				CLANG_CXX_LANGUAGE_STANDARD = "gnu++0x";
				CLANG_CXX_LIBRARY = "libc++";
				CLANG_ENABLE_MODULES = YES;
				CLANG_ENABLE_OBJC_ARC = YES;
				CLANG_WARN_BOOL_CONVERSION = YES;
				CLANG_WARN_CONSTANT_CONVERSION = YES;
				CLANG_WARN_DIRECT_OBJC_ISA_USAGE = YES_ERROR;
				CLANG_WARN_EMPTY_BODY = YES;
				CLANG_WARN_ENUM_CONVERSION = YES;
				CLANG_WARN_INT_CONVERSION = YES;
				CLANG_WARN_OBJC_ROOT_CLASS = YES_ERROR;
				CLANG_WARN_UNREACHABLE_CODE = YES;
				CLANG_WARN__DUPLICATE_METHOD_MATCH = YES;
				"CODE_SIGN_IDENTITY[sdk=iphoneos*]" = "iPhone Developer";
				COPY_PHASE_STRIP = NO;
				DEBUG_INFORMATION_FORMAT = dwarf;
				ENABLE_STRICT_OBJC_MSGSEND = YES;
				ENABLE_TESTABILITY = YES;
				GCC_C_LANGUAGE_STANDARD = gnu99;
				GCC_DYNAMIC_NO_PIC = NO;
				GCC_NO_COMMON_BLOCKS = YES;
				GCC_OPTIMIZATION_LEVEL = 0;
				GCC_PREPROCESSOR_DEFINITIONS = (
					"DEBUG=1",
					"$(inherited)",
				);
				GCC_WARN_64_TO_32_BIT_CONVERSION = YES;
				GCC_WARN_ABOUT_RETURN_TYPE = YES_ERROR;
				GCC_WARN_UNDECLARED_SELECTOR = YES;
				GCC_WARN_UNINITIALIZED_AUTOS = YES_AGGRESSIVE;
				GCC_WARN_UNUSED_FUNCTION = YES;
				GCC_WARN_UNUSED_VARIABLE = YES;
				IPHONEOS_DEPLOYMENT_TARGET = 9.0;
				MTL_ENABLE_DEBUG_INFO = YES;
				ONLY_ACTIVE_ARCH = YES;
				SDKROOT = iphoneos;
			};
			name = Debug;
		};
		DF1F1FA91BF33E0E00BA019D /* Release */ = {
			isa = XCBuildConfiguration;
			buildSettings = {
				ALWAYS_SEARCH_USER_PATHS = NO;
				CLANG_CXX_LANGUAGE_STANDARD = "gnu++0x";
				CLANG_CXX_LIBRARY = "libc++";
				CLANG_ENABLE_MODULES = YES;
				CLANG_ENABLE_OBJC_ARC = YES;
				CLANG_WARN_BOOL_CONVERSION = YES;
				CLANG_WARN_CONSTANT_CONVERSION = YES;
				CLANG_WARN_DIRECT_OBJC_ISA_USAGE = YES_ERROR;
				CLANG_WARN_EMPTY_BODY = YES;
				CLANG_WARN_ENUM_CONVERSION = YES;
				CLANG_WARN_INT_CONVERSION = YES;
				CLANG_WARN_OBJC_ROOT_CLASS = YES_ERROR;
				CLANG_WARN_UNREACHABLE_CODE = YES;
				CLANG_WARN__DUPLICATE_METHOD_MATCH = YES;
				"CODE_SIGN_IDENTITY[sdk=iphoneos*]" = "iPhone Developer";
				COPY_PHASE_STRIP = NO;
				DEBUG_INFORMATION_FORMAT = "dwarf-with-dsym";
				ENABLE_NS_ASSERTIONS = NO;
				ENABLE_STRICT_OBJC_MSGSEND = YES;
				GCC_C_LANGUAGE_STANDARD = gnu99;
				GCC_NO_COMMON_BLOCKS = YES;
				GCC_WARN_64_TO_32_BIT_CONVERSION = YES;
				GCC_WARN_ABOUT_RETURN_TYPE = YES_ERROR;
				GCC_WARN_UNDECLARED_SELECTOR = YES;
				GCC_WARN_UNINITIALIZED_AUTOS = YES_AGGRESSIVE;
				GCC_WARN_UNUSED_FUNCTION = YES;
				GCC_WARN_UNUSED_VARIABLE = YES;
				IPHONEOS_DEPLOYMENT_TARGET = 9.0;
				MTL_ENABLE_DEBUG_INFO = NO;
				SDKROOT = iphoneos;
				VALIDATE_PRODUCT = YES;
			};
			name = Release;
		};
		DF1F1FAB1BF33E0E00BA019D /* Debug */ = {
			isa = XCBuildConfiguration;
			buildSettings = {
				ASSETCATALOG_COMPILER_APPICON_NAME = AppIcon;
				HEADER_SEARCH_PATHS = "${SDK_DIR}/usr/include/libxml2";
				INFOPLIST_FILE = IMNetworking/Info.plist;
				IPHONEOS_DEPLOYMENT_TARGET = 8.0;
				LD_RUNPATH_SEARCH_PATHS = "$(inherited) @executable_path/Frameworks";
				OTHER_LDFLAGS = "-lxml2";
				PRODUCT_BUNDLE_IDENTIFIER = EM.IMNetworking;
				PRODUCT_NAME = "$(TARGET_NAME)";
			};
			name = Debug;
		};
		DF1F1FAC1BF33E0E00BA019D /* Release */ = {
			isa = XCBuildConfiguration;
			buildSettings = {
				ASSETCATALOG_COMPILER_APPICON_NAME = AppIcon;
				HEADER_SEARCH_PATHS = "${SDK_DIR}/usr/include/libxml2";
				INFOPLIST_FILE = IMNetworking/Info.plist;
				IPHONEOS_DEPLOYMENT_TARGET = 8.0;
				LD_RUNPATH_SEARCH_PATHS = "$(inherited) @executable_path/Frameworks";
				OTHER_LDFLAGS = "-lxml2";
				PRODUCT_BUNDLE_IDENTIFIER = EM.IMNetworking;
				PRODUCT_NAME = "$(TARGET_NAME)";
			};
			name = Release;
		};
		DF1F1FAE1BF33E0E00BA019D /* Debug */ = {
			isa = XCBuildConfiguration;
			buildSettings = {
				BUNDLE_LOADER = "$(TEST_HOST)";
				INFOPLIST_FILE = IMNetworkingTests/Info.plist;
				LD_RUNPATH_SEARCH_PATHS = "$(inherited) @executable_path/Frameworks @loader_path/Frameworks";
				PRODUCT_BUNDLE_IDENTIFIER = EM.IMNetworkingTests;
				PRODUCT_NAME = "$(TARGET_NAME)";
				TEST_HOST = "$(BUILT_PRODUCTS_DIR)/IMNetworking.app/IMNetworking";
			};
			name = Debug;
		};
		DF1F1FAF1BF33E0E00BA019D /* Release */ = {
			isa = XCBuildConfiguration;
			buildSettings = {
				BUNDLE_LOADER = "$(TEST_HOST)";
				INFOPLIST_FILE = IMNetworkingTests/Info.plist;
				LD_RUNPATH_SEARCH_PATHS = "$(inherited) @executable_path/Frameworks @loader_path/Frameworks";
				PRODUCT_BUNDLE_IDENTIFIER = EM.IMNetworkingTests;
				PRODUCT_NAME = "$(TARGET_NAME)";
				TEST_HOST = "$(BUILT_PRODUCTS_DIR)/IMNetworking.app/IMNetworking";
			};
			name = Release;
		};
		DF1F1FB11BF33E0E00BA019D /* Debug */ = {
			isa = XCBuildConfiguration;
			buildSettings = {
				INFOPLIST_FILE = IMNetworkingUITests/Info.plist;
				LD_RUNPATH_SEARCH_PATHS = "$(inherited) @executable_path/Frameworks @loader_path/Frameworks";
				PRODUCT_BUNDLE_IDENTIFIER = EM.IMNetworkingUITests;
				PRODUCT_NAME = "$(TARGET_NAME)";
				TEST_TARGET_NAME = IMNetworking;
				USES_XCTRUNNER = YES;
			};
			name = Debug;
		};
		DF1F1FB21BF33E0E00BA019D /* Release */ = {
			isa = XCBuildConfiguration;
			buildSettings = {
				INFOPLIST_FILE = IMNetworkingUITests/Info.plist;
				LD_RUNPATH_SEARCH_PATHS = "$(inherited) @executable_path/Frameworks @loader_path/Frameworks";
				PRODUCT_BUNDLE_IDENTIFIER = EM.IMNetworkingUITests;
				PRODUCT_NAME = "$(TARGET_NAME)";
				TEST_TARGET_NAME = IMNetworking;
				USES_XCTRUNNER = YES;
			};
			name = Release;
		};
/* End XCBuildConfiguration section */

/* Begin XCConfigurationList section */
		DF1F1F781BF33E0D00BA019D /* Build configuration list for PBXProject "IMNetworking" */ = {
			isa = XCConfigurationList;
			buildConfigurations = (
				DF1F1FA81BF33E0E00BA019D /* Debug */,
				DF1F1FA91BF33E0E00BA019D /* Release */,
			);
			defaultConfigurationIsVisible = 0;
			defaultConfigurationName = Release;
		};
		DF1F1FAA1BF33E0E00BA019D /* Build configuration list for PBXNativeTarget "IMNetworking" */ = {
			isa = XCConfigurationList;
			buildConfigurations = (
				DF1F1FAB1BF33E0E00BA019D /* Debug */,
				DF1F1FAC1BF33E0E00BA019D /* Release */,
			);
			defaultConfigurationIsVisible = 0;
			defaultConfigurationName = Release;
		};
		DF1F1FAD1BF33E0E00BA019D /* Build configuration list for PBXNativeTarget "IMNetworkingTests" */ = {
			isa = XCConfigurationList;
			buildConfigurations = (
				DF1F1FAE1BF33E0E00BA019D /* Debug */,
				DF1F1FAF1BF33E0E00BA019D /* Release */,
			);
			defaultConfigurationIsVisible = 0;
			defaultConfigurationName = Release;
		};
		DF1F1FB01BF33E0E00BA019D /* Build configuration list for PBXNativeTarget "IMNetworkingUITests" */ = {
			isa = XCConfigurationList;
			buildConfigurations = (
				DF1F1FB11BF33E0E00BA019D /* Debug */,
				DF1F1FB21BF33E0E00BA019D /* Release */,
			);
			defaultConfigurationIsVisible = 0;
			defaultConfigurationName = Release;
		};
/* End XCConfigurationList section */
	};
	rootObject = DF1F1F751BF33E0D00BA019D /* Project object */;
}
