// !$*UTF8*$!
{
	archiveVersion = 1;
	classes = {
	};
	objectVersion = 46;
	objects = {

/* Begin PBXBuildFile section */
		3B6CF1389DFC42B854759E31 /* libPods-IMNetworking.a in Frameworks */ = {isa = PBXBuildFile; fileRef = 76176CB3AE7D6086A7D35F12 /* libPods-IMNetworking.a */; };
		DF1F1F821BF33E0E00BA019D /* main.m in Sources */ = {isa = PBXBuildFile; fileRef = DF1F1F811BF33E0E00BA019D /* main.m */; };
		DF1F1F851BF33E0E00BA019D /* AppDelegate.m in Sources */ = {isa = PBXBuildFile; fileRef = DF1F1F841BF33E0E00BA019D /* AppDelegate.m */; };
		DF1F1F881BF33E0E00BA019D /* ViewController.m in Sources */ = {isa = PBXBuildFile; fileRef = DF1F1F871BF33E0E00BA019D /* ViewController.m */; };
		DF1F1F8B1BF33E0E00BA019D /* Main.storyboard in Resources */ = {isa = PBXBuildFile; fileRef = DF1F1F891BF33E0E00BA019D /* Main.storyboard */; };
		DF1F1F8D1BF33E0E00BA019D /* Assets.xcassets in Resources */ = {isa = PBXBuildFile; fileRef = DF1F1F8C1BF33E0E00BA019D /* Assets.xcassets */; };
		DF1F1F901BF33E0E00BA019D /* LaunchScreen.storyboard in Resources */ = {isa = PBXBuildFile; fileRef = DF1F1F8E1BF33E0E00BA019D /* LaunchScreen.storyboard */; };
		DF1F1F9B1BF33E0E00BA019D /* IMNetworkingTests.m in Sources */ = {isa = PBXBuildFile; fileRef = DF1F1F9A1BF33E0E00BA019D /* IMNetworkingTests.m */; };
		DF1F1FA61BF33E0E00BA019D /* IMNetworkingUITests.m in Sources */ = {isa = PBXBuildFile; fileRef = DF1F1FA51BF33E0E00BA019D /* IMNetworkingUITests.m */; };
		DF1F20371BF33E5B00BA019D /* Service_Config.xml in Resources */ = {isa = PBXBuildFile; fileRef = DF1F20091BF33E5B00BA019D /* Service_Config.xml */; };
		DF1F203B1BF33E5B00BA019D /* LoginApi.m in Sources */ = {isa = PBXBuildFile; fileRef = DF1F20111BF33E5B00BA019D /* LoginApi.m */; };
		DFABC5EE1C2CD64000F110A7 /* LMSNetworking.m in Sources */ = {isa = PBXBuildFile; fileRef = DFABC5C61C2CD64000F110A7 /* LMSNetworking.m */; };
		DFABC5EF1C2CD64000F110A7 /* LMSRequest.m in Sources */ = {isa = PBXBuildFile; fileRef = DFABC5C81C2CD64000F110A7 /* LMSRequest.m */; };
		DFABC5F01C2CD64000F110A7 /* LMSServiceError.m in Sources */ = {isa = PBXBuildFile; fileRef = DFABC5CA1C2CD64000F110A7 /* LMSServiceError.m */; };
		DFABC5F11C2CD64000F110A7 /* LMSServiceModel.m in Sources */ = {isa = PBXBuildFile; fileRef = DFABC5CC1C2CD64000F110A7 /* LMSServiceModel.m */; };
		DFABC5F21C2CD64000F110A7 /* LMSServiceXMLData.m in Sources */ = {isa = PBXBuildFile; fileRef = DFABC5CE1C2CD64000F110A7 /* LMSServiceXMLData.m */; };
/* End PBXBuildFile section */

/* Begin PBXContainerItemProxy section */
		DF1F1F971BF33E0E00BA019D /* PBXContainerItemProxy */ = {
			isa = PBXContainerItemProxy;
			containerPortal = DF1F1F751BF33E0D00BA019D /* Project object */;
			proxyType = 1;
			remoteGlobalIDString = DF1F1F7C1BF33E0E00BA019D;
			remoteInfo = IMNetworking;
		};
		DF1F1FA21BF33E0E00BA019D /* PBXContainerItemProxy */ = {
			isa = PBXContainerItemProxy;
			containerPortal = DF1F1F751BF33E0D00BA019D /* Project object */;
			proxyType = 1;
			remoteGlobalIDString = DF1F1F7C1BF33E0E00BA019D;
			remoteInfo = IMNetworking;
		};
/* End PBXContainerItemProxy section */

/* Begin PBXFileReference section */
		6205F09E3D3E243C7F30D04C /* Pods-IMNetworking.release.xcconfig */ = {isa = PBXFileReference; includeInIndex = 1; lastKnownFileType = text.xcconfig; name = "Pods-IMNetworking.release.xcconfig"; path = "Pods/Target Support Files/Pods-IMNetworking/Pods-IMNetworking.release.xcconfig"; sourceTree = "<group>"; };
		76176CB3AE7D6086A7D35F12 /* libPods-IMNetworking.a */ = {isa = PBXFileReference; explicitFileType = archive.ar; includeInIndex = 0; path = "libPods-IMNetworking.a"; sourceTree = BUILT_PRODUCTS_DIR; };
		9CED66B31BB3A646D867C849 /* Pods-IMNetworking.debug.xcconfig */ = {isa = PBXFileReference; includeInIndex = 1; lastKnownFileType = text.xcconfig; name = "Pods-IMNetworking.debug.xcconfig"; path = "Pods/Target Support Files/Pods-IMNetworking/Pods-IMNetworking.debug.xcconfig"; sourceTree = "<group>"; };
		DF1F1F7D1BF33E0E00BA019D /* IMNetworking.app */ = {isa = PBXFileReference; explicitFileType = wrapper.application; includeInIndex = 0; path = IMNetworking.app; sourceTree = BUILT_PRODUCTS_DIR; };
		DF1F1F811BF33E0E00BA019D /* main.m */ = {isa = PBXFileReference; lastKnownFileType = sourcecode.c.objc; path = main.m; sourceTree = "<group>"; };
		DF1F1F831BF33E0E00BA019D /* AppDelegate.h */ = {isa = PBXFileReference; lastKnownFileType = sourcecode.c.h; path = AppDelegate.h; sourceTree = "<group>"; };
		DF1F1F841BF33E0E00BA019D /* AppDelegate.m */ = {isa = PBXFileReference; lastKnownFileType = sourcecode.c.objc; path = AppDelegate.m; sourceTree = "<group>"; };
		DF1F1F861BF33E0E00BA019D /* ViewController.h */ = {isa = PBXFileReference; lastKnownFileType = sourcecode.c.h; path = ViewController.h; sourceTree = "<group>"; };
		DF1F1F871BF33E0E00BA019D /* ViewController.m */ = {isa = PBXFileReference; lastKnownFileType = sourcecode.c.objc; path = ViewController.m; sourceTree = "<group>"; };
		DF1F1F8A1BF33E0E00BA019D /* Base */ = {isa = PBXFileReference; lastKnownFileType = file.storyboard; name = Base; path = Base.lproj/Main.storyboard; sourceTree = "<group>"; };
		DF1F1F8C1BF33E0E00BA019D /* Assets.xcassets */ = {isa = PBXFileReference; lastKnownFileType = folder.assetcatalog; path = Assets.xcassets; sourceTree = "<group>"; };
		DF1F1F8F1BF33E0E00BA019D /* Base */ = {isa = PBXFileReference; lastKnownFileType = file.storyboard; name = Base; path = Base.lproj/LaunchScreen.storyboard; sourceTree = "<group>"; };
		DF1F1F911BF33E0E00BA019D /* Info.plist */ = {isa = PBXFileReference; lastKnownFileType = text.plist.xml; path = Info.plist; sourceTree = "<group>"; };
		DF1F1F961BF33E0E00BA019D /* IMNetworkingTests.xctest */ = {isa = PBXFileReference; explicitFileType = wrapper.cfbundle; includeInIndex = 0; path = IMNetworkingTests.xctest; sourceTree = BUILT_PRODUCTS_DIR; };
		DF1F1F9A1BF33E0E00BA019D /* IMNetworkingTests.m */ = {isa = PBXFileReference; lastKnownFileType = sourcecode.c.objc; path = IMNetworkingTests.m; sourceTree = "<group>"; };
		DF1F1F9C1BF33E0E00BA019D /* Info.plist */ = {isa = PBXFileReference; lastKnownFileType = text.plist.xml; path = Info.plist; sourceTree = "<group>"; };
		DF1F1FA11BF33E0E00BA019D /* IMNetworkingUITests.xctest */ = {isa = PBXFileReference; explicitFileType = wrapper.cfbundle; includeInIndex = 0; path = IMNetworkingUITests.xctest; sourceTree = BUILT_PRODUCTS_DIR; };
		DF1F1FA51BF33E0E00BA019D /* IMNetworkingUITests.m */ = {isa = PBXFileReference; lastKnownFileType = sourcecode.c.objc; path = IMNetworkingUITests.m; sourceTree = "<group>"; };
		DF1F1FA71BF33E0E00BA019D /* Info.plist */ = {isa = PBXFileReference; lastKnownFileType = text.plist.xml; path = Info.plist; sourceTree = "<group>"; };
		DF1F20091BF33E5B00BA019D /* Service_Config.xml */ = {isa = PBXFileReference; fileEncoding = 4; lastKnownFileType = text.xml; path = Service_Config.xml; sourceTree = "<group>"; };
		DF1F20101BF33E5B00BA019D /* LoginApi.h */ = {isa = PBXFileReference; fileEncoding = 4; lastKnownFileType = sourcecode.c.h; path = LoginApi.h; sourceTree = "<group>"; };
		DF1F20111BF33E5B00BA019D /* LoginApi.m */ = {isa = PBXFileReference; fileEncoding = 4; lastKnownFileType = sourcecode.c.objc; path = LoginApi.m; sourceTree = "<group>"; };
		DFABC5C51C2CD64000F110A7 /* LMSNetworking.h */ = {isa = PBXFileReference; fileEncoding = 4; lastKnownFileType = sourcecode.c.h; path = LMSNetworking.h; sourceTree = "<group>"; };
		DFABC5C61C2CD64000F110A7 /* LMSNetworking.m */ = {isa = PBXFileReference; fileEncoding = 4; lastKnownFileType = sourcecode.c.objc; path = LMSNetworking.m; sourceTree = "<group>"; };
		DFABC5C71C2CD64000F110A7 /* LMSRequest.h */ = {isa = PBXFileReference; fileEncoding = 4; lastKnownFileType = sourcecode.c.h; path = LMSRequest.h; sourceTree = "<group>"; };
		DFABC5C81C2CD64000F110A7 /* LMSRequest.m */ = {isa = PBXFileReference; fileEncoding = 4; lastKnownFileType = sourcecode.c.objc; path = LMSRequest.m; sourceTree = "<group>"; };
		DFABC5C91C2CD64000F110A7 /* LMSServiceError.h */ = {isa = PBXFileReference; fileEncoding = 4; lastKnownFileType = sourcecode.c.h; path = LMSServiceError.h; sourceTree = "<group>"; };
		DFABC5CA1C2CD64000F110A7 /* LMSServiceError.m */ = {isa = PBXFileReference; fileEncoding = 4; lastKnownFileType = sourcecode.c.objc; path = LMSServiceError.m; sourceTree = "<group>"; };
		DFABC5CB1C2CD64000F110A7 /* LMSServiceModel.h */ = {isa = PBXFileReference; fileEncoding = 4; lastKnownFileType = sourcecode.c.h; path = LMSServiceModel.h; sourceTree = "<group>"; };
		DFABC5CC1C2CD64000F110A7 /* LMSServiceModel.m */ = {isa = PBXFileReference; fileEncoding = 4; lastKnownFileType = sourcecode.c.objc; path = LMSServiceModel.m; sourceTree = "<group>"; };
		DFABC5CD1C2CD64000F110A7 /* LMSServiceXMLData.h */ = {isa = PBXFileReference; fileEncoding = 4; lastKnownFileType = sourcecode.c.h; path = LMSServiceXMLData.h; sourceTree = "<group>"; };
		DFABC5CE1C2CD64000F110A7 /* LMSServiceXMLData.m */ = {isa = PBXFileReference; fileEncoding = 4; lastKnownFileType = sourcecode.c.objc; path = LMSServiceXMLData.m; sourceTree = "<group>"; };
/* End PBXFileReference section */

/* Begin PBXFrameworksBuildPhase section */
		DF1F1F7A1BF33E0E00BA019D /* Frameworks */ = {
			isa = PBXFrameworksBuildPhase;
			buildActionMask = 2147483647;
			files = (
				3B6CF1389DFC42B854759E31 /* libPods-IMNetworking.a in Frameworks */,
			);
			runOnlyForDeploymentPostprocessing = 0;
		};
		DF1F1F931BF33E0E00BA019D /* Frameworks */ = {
			isa = PBXFrameworksBuildPhase;
			buildActionMask = 2147483647;
			files = (
			);
			runOnlyForDeploymentPostprocessing = 0;
		};
		DF1F1F9E1BF33E0E00BA019D /* Frameworks */ = {
			isa = PBXFrameworksBuildPhase;
			buildActionMask = 2147483647;
			files = (
			);
			runOnlyForDeploymentPostprocessing = 0;
		};
/* End PBXFrameworksBuildPhase section */

/* Begin PBXGroup section */
		3C7063571BE507FDFD657B74 /* Pods */ = {
			isa = PBXGroup;
			children = (
				9CED66B31BB3A646D867C849 /* Pods-IMNetworking.debug.xcconfig */,
				6205F09E3D3E243C7F30D04C /* Pods-IMNetworking.release.xcconfig */,
			);
			name = Pods;
			sourceTree = "<group>";
		};
		40C0F4395CB6972F797CDA85 /* Frameworks */ = {
			isa = PBXGroup;
			children = (
				76176CB3AE7D6086A7D35F12 /* libPods-IMNetworking.a */,
			);
			name = Frameworks;
			sourceTree = "<group>";
		};
		DF1F1F741BF33E0D00BA019D = {
			isa = PBXGroup;
			children = (
				DF1F1F7F1BF33E0E00BA019D /* IMNetworking */,
				DF1F1F991BF33E0E00BA019D /* IMNetworkingTests */,
				DF1F1FA41BF33E0E00BA019D /* IMNetworkingUITests */,
				DF1F1F7E1BF33E0E00BA019D /* Products */,
				3C7063571BE507FDFD657B74 /* Pods */,
				40C0F4395CB6972F797CDA85 /* Frameworks */,
			);
			sourceTree = "<group>";
		};
		DF1F1F7E1BF33E0E00BA019D /* Products */ = {
			isa = PBXGroup;
			children = (
				DF1F1F7D1BF33E0E00BA019D /* IMNetworking.app */,
				DF1F1F961BF33E0E00BA019D /* IMNetworkingTests.xctest */,
				DF1F1FA11BF33E0E00BA019D /* IMNetworkingUITests.xctest */,
			);
			name = Products;
			sourceTree = "<group>";
		};
		DF1F1F7F1BF33E0E00BA019D /* IMNetworking */ = {
			isa = PBXGroup;
			children = (
				DF1F1FB31BF33E5B00BA019D /* IMNetKit */,
				DF1F20101BF33E5B00BA019D /* LoginApi.h */,
				DF1F20111BF33E5B00BA019D /* LoginApi.m */,
				DF1F1F831BF33E0E00BA019D /* AppDelegate.h */,
				DF1F1F841BF33E0E00BA019D /* AppDelegate.m */,
				DF1F1F861BF33E0E00BA019D /* ViewController.h */,
				DF1F1F871BF33E0E00BA019D /* ViewController.m */,
				DF1F1F891BF33E0E00BA019D /* Main.storyboard */,
				DF1F1F8C1BF33E0E00BA019D /* Assets.xcassets */,
				DF1F1F8E1BF33E0E00BA019D /* LaunchScreen.storyboard */,
				DF1F1F911BF33E0E00BA019D /* Info.plist */,
				DF1F1F801BF33E0E00BA019D /* Supporting Files */,
			);
			path = IMNetworking;
			sourceTree = "<group>";
		};
		DF1F1F801BF33E0E00BA019D /* Supporting Files */ = {
			isa = PBXGroup;
			children = (
				DF1F1F811BF33E0E00BA019D /* main.m */,
			);
			name = "Supporting Files";
			sourceTree = "<group>";
		};
		DF1F1F991BF33E0E00BA019D /* IMNetworkingTests */ = {
			isa = PBXGroup;
			children = (
				DF1F1F9A1BF33E0E00BA019D /* IMNetworkingTests.m */,
				DF1F1F9C1BF33E0E00BA019D /* Info.plist */,
			);
			path = IMNetworkingTests;
			sourceTree = "<group>";
		};
		DF1F1FA41BF33E0E00BA019D /* IMNetworkingUITests */ = {
			isa = PBXGroup;
			children = (
				DF1F1FA51BF33E0E00BA019D /* IMNetworkingUITests.m */,
				DF1F1FA71BF33E0E00BA019D /* Info.plist */,
			);
			path = IMNetworkingUITests;
			sourceTree = "<group>";
		};
		DF1F1FB31BF33E5B00BA019D /* IMNetKit */ = {
			isa = PBXGroup;
			children = (
				DFABC5C51C2CD64000F110A7 /* LMSNetworking.h */,
				DFABC5C61C2CD64000F110A7 /* LMSNetworking.m */,
				DFABC5C71C2CD64000F110A7 /* LMSRequest.h */,
				DFABC5C81C2CD64000F110A7 /* LMSRequest.m */,
				DFABC5C91C2CD64000F110A7 /* LMSServiceError.h */,
				DFABC5CA1C2CD64000F110A7 /* LMSServiceError.m */,
				DFABC5CB1C2CD64000F110A7 /* LMSServiceModel.h */,
				DFABC5CC1C2CD64000F110A7 /* LMSServiceModel.m */,
				DFABC5CD1C2CD64000F110A7 /* LMSServiceXMLData.h */,
				DFABC5CE1C2CD64000F110A7 /* LMSServiceXMLData.m */,
				DF1F20091BF33E5B00BA019D /* Service_Config.xml */,
			);
			path = IMNetKit;
			sourceTree = "<group>";
		};
/* End PBXGroup section */

/* Begin PBXNativeTarget section */
		DF1F1F7C1BF33E0E00BA019D /* IMNetworking */ = {
			isa = PBXNativeTarget;
			buildConfigurationList = DF1F1FAA1BF33E0E00BA019D /* Build configuration list for PBXNativeTarget "IMNetworking" */;
			buildPhases = (
				405CF9F8B76FC8D6BC0B73A4 /* 📦 Check Pods Manifest.lock */,
				DF1F1F791BF33E0E00BA019D /* Sources */,
				DF1F1F7A1BF33E0E00BA019D /* Frameworks */,
				DF1F1F7B1BF33E0E00BA019D /* Resources */,
				E933B14369BD68AC6E18B603 /* 📦 Embed Pods Frameworks */,
				B04BA4A594A0B2451C457ABD /* 📦 Copy Pods Resources */,
			);
			buildRules = (
			);
			dependencies = (
			);
			name = IMNetworking;
			productName = IMNetworking;
			productReference = DF1F1F7D1BF33E0E00BA019D /* IMNetworking.app */;
			productType = "com.apple.product-type.application";
		};
		DF1F1F951BF33E0E00BA019D /* IMNetworkingTests */ = {
			isa = PBXNativeTarget;
			buildConfigurationList = DF1F1FAD1BF33E0E00BA019D /* Build configuration list for PBXNativeTarget "IMNetworkingTests" */;
			buildPhases = (
				DF1F1F921BF33E0E00BA019D /* Sources */,
				DF1F1F931BF33E0E00BA019D /* Frameworks */,
				DF1F1F941BF33E0E00BA019D /* Resources */,
			);
			buildRules = (
			);
			dependencies = (
				DF1F1F981BF33E0E00BA019D /* PBXTargetDependency */,
			);
			name = IMNetworkingTests;
			productName = IMNetworkingTests;
			productReference = DF1F1F961BF33E0E00BA019D /* IMNetworkingTests.xctest */;
			productType = "com.apple.product-type.bundle.unit-test";
		};
		DF1F1FA01BF33E0E00BA019D /* IMNetworkingUITests */ = {
			isa = PBXNativeTarget;
			buildConfigurationList = DF1F1FB01BF33E0E00BA019D /* Build configuration list for PBXNativeTarget "IMNetworkingUITests" */;
			buildPhases = (
				DF1F1F9D1BF33E0E00BA019D /* Sources */,
				DF1F1F9E1BF33E0E00BA019D /* Frameworks */,
				DF1F1F9F1BF33E0E00BA019D /* Resources */,
			);
			buildRules = (
			);
			dependencies = (
				DF1F1FA31BF33E0E00BA019D /* PBXTargetDependency */,
			);
			name = IMNetworkingUITests;
			productName = IMNetworkingUITests;
			productReference = DF1F1FA11BF33E0E00BA019D /* IMNetworkingUITests.xctest */;
			productType = "com.apple.product-type.bundle.ui-testing";
		};
/* End PBXNativeTarget section */

/* Begin PBXProject section */
		DF1F1F751BF33E0D00BA019D /* Project object */ = {
			isa = PBXProject;
			attributes = {
				LastUpgradeCheck = 0700;
				ORGANIZATIONNAME = LQ;
				TargetAttributes = {
					DF1F1F7C1BF33E0E00BA019D = {
						CreatedOnToolsVersion = 7.0.1;
					};
					DF1F1F951BF33E0E00BA019D = {
						CreatedOnToolsVersion = 7.0.1;
						TestTargetID = DF1F1F7C1BF33E0E00BA019D;
					};
					DF1F1FA01BF33E0E00BA019D = {
						CreatedOnToolsVersion = 7.0.1;
						TestTargetID = DF1F1F7C1BF33E0E00BA019D;
					};
				};
			};
			buildConfigurationList = DF1F1F781BF33E0D00BA019D /* Build configuration list for PBXProject "IMNetworking" */;
			compatibilityVersion = "Xcode 3.2";
			developmentRegion = English;
			hasScannedForEncodings = 0;
			knownRegions = (
				en,
				Base,
			);
			mainGroup = DF1F1F741BF33E0D00BA019D;
			productRefGroup = DF1F1F7E1BF33E0E00BA019D /* Products */;
			projectDirPath = "";
			projectRoot = "";
			targets = (
				DF1F1F7C1BF33E0E00BA019D /* IMNetworking */,
				DF1F1F951BF33E0E00BA019D /* IMNetworkingTests */,
				DF1F1FA01BF33E0E00BA019D /* IMNetworkingUITests */,
			);
		};
/* End PBXProject section */

/* Begin PBXResourcesBuildPhase section */
		DF1F1F7B1BF33E0E00BA019D /* Resources */ = {
			isa = PBXResourcesBuildPhase;
			buildActionMask = 2147483647;
			files = (
				DF1F1F901BF33E0E00BA019D /* LaunchScreen.storyboard in Resources */,
				DF1F1F8D1BF33E0E00BA019D /* Assets.xcassets in Resources */,
				DF1F1F8B1BF33E0E00BA019D /* Main.storyboard in Resources */,
				DF1F20371BF33E5B00BA019D /* Service_Config.xml in Resources */,
			);
			runOnlyForDeploymentPostprocessing = 0;
		};
		DF1F1F941BF33E0E00BA019D /* Resources */ = {
			isa = PBXResourcesBuildPhase;
			buildActionMask = 2147483647;
			files = (
			);
			runOnlyForDeploymentPostprocessing = 0;
		};
		DF1F1F9F1BF33E0E00BA019D /* Resources */ = {
			isa = PBXResourcesBuildPhase;
			buildActionMask = 2147483647;
			files = (
			);
			runOnlyForDeploymentPostprocessing = 0;
		};
/* End PBXResourcesBuildPhase section */

/* Begin PBXShellScriptBuildPhase section */
		405CF9F8B76FC8D6BC0B73A4 /* 📦 Check Pods Manifest.lock */ = {
			isa = PBXShellScriptBuildPhase;
			buildActionMask = 2147483647;
			files = (
			);
			inputPaths = (
			);
			name = "📦 Check Pods Manifest.lock";
			outputPaths = (
			);
			runOnlyForDeploymentPostprocessing = 0;
			shellPath = /bin/sh;
			shellScript = "diff \"${PODS_ROOT}/../Podfile.lock\" \"${PODS_ROOT}/Manifest.lock\" > /dev/null\nif [[ $? != 0 ]] ; then\n    cat << EOM\nerror: The sandbox is not in sync with the Podfile.lock. Run 'pod install' or update your CocoaPods installation.\nEOM\n    exit 1\nfi\n";
			showEnvVarsInLog = 0;
		};
		B04BA4A594A0B2451C457ABD /* 📦 Copy Pods Resources */ = {
			isa = PBXShellScriptBuildPhase;
			buildActionMask = 2147483647;
			files = (
			);
			inputPaths = (
			);
			name = "📦 Copy Pods Resources";
			outputPaths = (
			);
			runOnlyForDeploymentPostprocessing = 0;
			shellPath = /bin/sh;
			shellScript = "\"${SRCROOT}/Pods/Target Support Files/Pods-IMNetworking/Pods-IMNetworking-resources.sh\"\n";
			showEnvVarsInLog = 0;
		};
		E933B14369BD68AC6E18B603 /* 📦 Embed Pods Frameworks */ = {
			isa = PBXShellScriptBuildPhase;
			buildActionMask = 2147483647;
			files = (
			);
			inputPaths = (
			);
			name = "📦 Embed Pods Frameworks";
			outputPaths = (
			);
			runOnlyForDeploymentPostprocessing = 0;
			shellPath = /bin/sh;
			shellScript = "\"${SRCROOT}/Pods/Target Support Files/Pods-IMNetworking/Pods-IMNetworking-frameworks.sh\"\n";
			showEnvVarsInLog = 0;
		};
/* End PBXShellScriptBuildPhase section */

/* Begin PBXSourcesBuildPhase section */
		DF1F1F791BF33E0E00BA019D /* Sources */ = {
			isa = PBXSourcesBuildPhase;
			buildActionMask = 2147483647;
			files = (
				DFABC5F01C2CD64000F110A7 /* LMSServiceError.m in Sources */,
				DFABC5F11C2CD64000F110A7 /* LMSServiceModel.m in Sources */,
				DF1F1F881BF33E0E00BA019D /* ViewController.m in Sources */,
				DF1F203B1BF33E5B00BA019D /* LoginApi.m in Sources */,
				DFABC5EF1C2CD64000F110A7 /* LMSRequest.m in Sources */,
				DFABC5EE1C2CD64000F110A7 /* LMSNetworking.m in Sources */,
				DF1F1F851BF33E0E00BA019D /* AppDelegate.m in Sources */,
				DFABC5F21C2CD64000F110A7 /* LMSServiceXMLData.m in Sources */,
				DF1F1F821BF33E0E00BA019D /* main.m in Sources */,
			);
			runOnlyForDeploymentPostprocessing = 0;
		};
		DF1F1F921BF33E0E00BA019D /* Sources */ = {
			isa = PBXSourcesBuildPhase;
			buildActionMask = 2147483647;
			files = (
				DF1F1F9B1BF33E0E00BA019D /* IMNetworkingTests.m in Sources */,
			);
			runOnlyForDeploymentPostprocessing = 0;
		};
		DF1F1F9D1BF33E0E00BA019D /* Sources */ = {
			isa = PBXSourcesBuildPhase;
			buildActionMask = 2147483647;
			files = (
				DF1F1FA61BF33E0E00BA019D /* IMNetworkingUITests.m in Sources */,
			);
			runOnlyForDeploymentPostprocessing = 0;
		};
/* End PBXSourcesBuildPhase section */

/* Begin PBXTargetDependency section */
		DF1F1F981BF33E0E00BA019D /* PBXTargetDependency */ = {
			isa = PBXTargetDependency;
			target = DF1F1F7C1BF33E0E00BA019D /* IMNetworking */;
			targetProxy = DF1F1F971BF33E0E00BA019D /* PBXContainerItemProxy */;
		};
		DF1F1FA31BF33E0E00BA019D /* PBXTargetDependency */ = {
			isa = PBXTargetDependency;
			target = DF1F1F7C1BF33E0E00BA019D /* IMNetworking */;
			targetProxy = DF1F1FA21BF33E0E00BA019D /* PBXContainerItemProxy */;
		};
/* End PBXTargetDependency section */

/* Begin PBXVariantGroup section */
		DF1F1F891BF33E0E00BA019D /* Main.storyboard */ = {
			isa = PBXVariantGroup;
			children = (
				DF1F1F8A1BF33E0E00BA019D /* Base */,
			);
			name = Main.storyboard;
			sourceTree = "<group>";
		};
		DF1F1F8E1BF33E0E00BA019D /* LaunchScreen.storyboard */ = {
			isa = PBXVariantGroup;
			children = (
				DF1F1F8F1BF33E0E00BA019D /* Base */,
			);
			name = LaunchScreen.storyboard;
			sourceTree = "<group>";
		};
/* End PBXVariantGroup section */

/* Begin XCBuildConfiguration section */
		DF1F1FA81BF33E0E00BA019D /* Debug */ = {
			isa = XCBuildConfiguration;
			buildSettings = {
				ALWAYS_SEARCH_USER_PATHS = NO;
				CLANG_CXX_LANGUAGE_STANDARD = "gnu++0x";
				CLANG_CXX_LIBRARY = "libc++";
				CLANG_ENABLE_MODULES = YES;
				CLANG_ENABLE_OBJC_ARC = YES;
				CLANG_WARN_BOOL_CONVERSION = YES;
				CLANG_WARN_CONSTANT_CONVERSION = YES;
				CLANG_WARN_DIRECT_OBJC_ISA_USAGE = YES_ERROR;
				CLANG_WARN_EMPTY_BODY = YES;
				CLANG_WARN_ENUM_CONVERSION = YES;
				CLANG_WARN_INT_CONVERSION = YES;
				CLANG_WARN_OBJC_ROOT_CLASS = YES_ERROR;
				CLANG_WARN_UNREACHABLE_CODE = YES;
				CLANG_WARN__DUPLICATE_METHOD_MATCH = YES;
				"CODE_SIGN_IDENTITY[sdk=iphoneos*]" = "iPhone Developer";
				COPY_PHASE_STRIP = NO;
				DEBUG_INFORMATION_FORMAT = dwarf;
				ENABLE_STRICT_OBJC_MSGSEND = YES;
				ENABLE_TESTABILITY = YES;
				GCC_C_LANGUAGE_STANDARD = gnu99;
				GCC_DYNAMIC_NO_PIC = NO;
				GCC_NO_COMMON_BLOCKS = YES;
				GCC_OPTIMIZATION_LEVEL = 0;
				GCC_PREPROCESSOR_DEFINITIONS = (
					"DEBUG=1",
					"$(inherited)",
				);
				GCC_WARN_64_TO_32_BIT_CONVERSION = YES;
				GCC_WARN_ABOUT_RETURN_TYPE = YES_ERROR;
				GCC_WARN_UNDECLARED_SELECTOR = YES;
				GCC_WARN_UNINITIALIZED_AUTOS = YES_AGGRESSIVE;
				GCC_WARN_UNUSED_FUNCTION = YES;
				GCC_WARN_UNUSED_VARIABLE = YES;
				IPHONEOS_DEPLOYMENT_TARGET = 9.0;
				MTL_ENABLE_DEBUG_INFO = YES;
				ONLY_ACTIVE_ARCH = YES;
				SDKROOT = iphoneos;
			};
			name = Debug;
		};
		DF1F1FA91BF33E0E00BA019D /* Release */ = {
			isa = XCBuildConfiguration;
			buildSettings = {
				ALWAYS_SEARCH_USER_PATHS = NO;
				CLANG_CXX_LANGUAGE_STANDARD = "gnu++0x";
				CLANG_CXX_LIBRARY = "libc++";
				CLANG_ENABLE_MODULES = YES;
				CLANG_ENABLE_OBJC_ARC = YES;
				CLANG_WARN_BOOL_CONVERSION = YES;
				CLANG_WARN_CONSTANT_CONVERSION = YES;
				CLANG_WARN_DIRECT_OBJC_ISA_USAGE = YES_ERROR;
				CLANG_WARN_EMPTY_BODY = YES;
				CLANG_WARN_ENUM_CONVERSION = YES;
				CLANG_WARN_INT_CONVERSION = YES;
				CLANG_WARN_OBJC_ROOT_CLASS = YES_ERROR;
				CLANG_WARN_UNREACHABLE_CODE = YES;
				CLANG_WARN__DUPLICATE_METHOD_MATCH = YES;
				"CODE_SIGN_IDENTITY[sdk=iphoneos*]" = "iPhone Developer";
				COPY_PHASE_STRIP = NO;
				DEBUG_INFORMATION_FORMAT = "dwarf-with-dsym";
				ENABLE_NS_ASSERTIONS = NO;
				ENABLE_STRICT_OBJC_MSGSEND = YES;
				GCC_C_LANGUAGE_STANDARD = gnu99;
				GCC_NO_COMMON_BLOCKS = YES;
				GCC_WARN_64_TO_32_BIT_CONVERSION = YES;
				GCC_WARN_ABOUT_RETURN_TYPE = YES_ERROR;
				GCC_WARN_UNDECLARED_SELECTOR = YES;
				GCC_WARN_UNINITIALIZED_AUTOS = YES_AGGRESSIVE;
				GCC_WARN_UNUSED_FUNCTION = YES;
				GCC_WARN_UNUSED_VARIABLE = YES;
				IPHONEOS_DEPLOYMENT_TARGET = 9.0;
				MTL_ENABLE_DEBUG_INFO = NO;
				SDKROOT = iphoneos;
				VALIDATE_PRODUCT = YES;
			};
			name = Release;
		};
		DF1F1FAB1BF33E0E00BA019D /* Debug */ = {
			isa = XCBuildConfiguration;
			baseConfigurationReference = 9CED66B31BB3A646D867C849 /* Pods-IMNetworking.debug.xcconfig */;
			buildSettings = {
				ASSETCATALOG_COMPILER_APPICON_NAME = AppIcon;
				HEADER_SEARCH_PATHS = "$(inherited)";
				INFOPLIST_FILE = IMNetworking/Info.plist;
				IPHONEOS_DEPLOYMENT_TARGET = 8.0;
				LD_RUNPATH_SEARCH_PATHS = "$(inherited) @executable_path/Frameworks";
				OTHER_LDFLAGS = (
					"$(inherited)",
					"-lxml2",
				);
				PRODUCT_BUNDLE_IDENTIFIER = EM.IMNetworking;
				PRODUCT_NAME = "$(TARGET_NAME)";
			};
			name = Debug;
		};
		DF1F1FAC1BF33E0E00BA019D /* Release */ = {
			isa = XCBuildConfiguration;
			baseConfigurationReference = 6205F09E3D3E243C7F30D04C /* Pods-IMNetworking.release.xcconfig */;
			buildSettings = {
				ASSETCATALOG_COMPILER_APPICON_NAME = AppIcon;
				HEADER_SEARCH_PATHS = "$(inherited)";
				INFOPLIST_FILE = IMNetworking/Info.plist;
				IPHONEOS_DEPLOYMENT_TARGET = 8.0;
				LD_RUNPATH_SEARCH_PATHS = "$(inherited) @executable_path/Frameworks";
				OTHER_LDFLAGS = (
					"$(inherited)",
					"-lxml2",
				);
				PRODUCT_BUNDLE_IDENTIFIER = EM.IMNetworking;
				PRODUCT_NAME = "$(TARGET_NAME)";
			};
			name = Release;
		};
		DF1F1FAE1BF33E0E00BA019D /* Debug */ = {
			isa = XCBuildConfiguration;
			buildSettings = {
				BUNDLE_LOADER = "$(TEST_HOST)";
				INFOPLIST_FILE = IMNetworkingTests/Info.plist;
				LD_RUNPATH_SEARCH_PATHS = "$(inherited) @executable_path/Frameworks @loader_path/Frameworks";
				PRODUCT_BUNDLE_IDENTIFIER = EM.IMNetworkingTests;
				PRODUCT_NAME = "$(TARGET_NAME)";
				TEST_HOST = "$(BUILT_PRODUCTS_DIR)/IMNetworking.app/IMNetworking";
			};
			name = Debug;
		};
		DF1F1FAF1BF33E0E00BA019D /* Release */ = {
			isa = XCBuildConfiguration;
			buildSettings = {
				BUNDLE_LOADER = "$(TEST_HOST)";
				INFOPLIST_FILE = IMNetworkingTests/Info.plist;
				LD_RUNPATH_SEARCH_PATHS = "$(inherited) @executable_path/Frameworks @loader_path/Frameworks";
				PRODUCT_BUNDLE_IDENTIFIER = EM.IMNetworkingTests;
				PRODUCT_NAME = "$(TARGET_NAME)";
				TEST_HOST = "$(BUILT_PRODUCTS_DIR)/IMNetworking.app/IMNetworking";
			};
			name = Release;
		};
		DF1F1FB11BF33E0E00BA019D /* Debug */ = {
			isa = XCBuildConfiguration;
			buildSettings = {
				INFOPLIST_FILE = IMNetworkingUITests/Info.plist;
				LD_RUNPATH_SEARCH_PATHS = "$(inherited) @executable_path/Frameworks @loader_path/Frameworks";
				PRODUCT_BUNDLE_IDENTIFIER = EM.IMNetworkingUITests;
				PRODUCT_NAME = "$(TARGET_NAME)";
				TEST_TARGET_NAME = IMNetworking;
				USES_XCTRUNNER = YES;
			};
			name = Debug;
		};
		DF1F1FB21BF33E0E00BA019D /* Release */ = {
			isa = XCBuildConfiguration;
			buildSettings = {
				INFOPLIST_FILE = IMNetworkingUITests/Info.plist;
				LD_RUNPATH_SEARCH_PATHS = "$(inherited) @executable_path/Frameworks @loader_path/Frameworks";
				PRODUCT_BUNDLE_IDENTIFIER = EM.IMNetworkingUITests;
				PRODUCT_NAME = "$(TARGET_NAME)";
				TEST_TARGET_NAME = IMNetworking;
				USES_XCTRUNNER = YES;
			};
			name = Release;
		};
/* End XCBuildConfiguration section */

/* Begin XCConfigurationList section */
		DF1F1F781BF33E0D00BA019D /* Build configuration list for PBXProject "IMNetworking" */ = {
			isa = XCConfigurationList;
			buildConfigurations = (
				DF1F1FA81BF33E0E00BA019D /* Debug */,
				DF1F1FA91BF33E0E00BA019D /* Release */,
			);
			defaultConfigurationIsVisible = 0;
			defaultConfigurationName = Release;
		};
		DF1F1FAA1BF33E0E00BA019D /* Build configuration list for PBXNativeTarget "IMNetworking" */ = {
			isa = XCConfigurationList;
			buildConfigurations = (
				DF1F1FAB1BF33E0E00BA019D /* Debug */,
				DF1F1FAC1BF33E0E00BA019D /* Release */,
			);
			defaultConfigurationIsVisible = 0;
			defaultConfigurationName = Release;
		};
		DF1F1FAD1BF33E0E00BA019D /* Build configuration list for PBXNativeTarget "IMNetworkingTests" */ = {
			isa = XCConfigurationList;
			buildConfigurations = (
				DF1F1FAE1BF33E0E00BA019D /* Debug */,
				DF1F1FAF1BF33E0E00BA019D /* Release */,
			);
			defaultConfigurationIsVisible = 0;
			defaultConfigurationName = Release;
		};
		DF1F1FB01BF33E0E00BA019D /* Build configuration list for PBXNativeTarget "IMNetworkingUITests" */ = {
			isa = XCConfigurationList;
			buildConfigurations = (
				DF1F1FB11BF33E0E00BA019D /* Debug */,
				DF1F1FB21BF33E0E00BA019D /* Release */,
			);
			defaultConfigurationIsVisible = 0;
			defaultConfigurationName = Release;
		};
/* End XCConfigurationList section */
	};
	rootObject = DF1F1F751BF33E0D00BA019D /* Project object */;
}
